// !$*UTF8*$!
{
	archiveVersion = 1;
	classes = {
	};
	objectVersion = 56;
	objects = {

/* Begin PBXBuildFile section */
		CB1851F02C02279B001C00E0 /* FirebaseAuth in Frameworks */ = {isa = PBXBuildFile; productRef = CB1851EF2C02279B001C00E0 /* FirebaseAuth */; };
		CB1851F22C0227FC001C00E0 /* KBChatUser.swift in Sources */ = {isa = PBXBuildFile; fileRef = CB1851F12C0227FC001C00E0 /* KBChatUser.swift */; };
		CB1851F52C02281F001C00E0 /* KBChatMessage.swift in Sources */ = {isa = PBXBuildFile; fileRef = CB1851F42C02281F001C00E0 /* KBChatMessage.swift */; };
		CB1851F72C022839001C00E0 /* KBRecentMessage.swift in Sources */ = {isa = PBXBuildFile; fileRef = CB1851F62C022839001C00E0 /* KBRecentMessage.swift */; };
		CB1851FC2C037BF2001C00E0 /* KBFBManager.swift in Sources */ = {isa = PBXBuildFile; fileRef = CB1851FB2C037BF2001C00E0 /* KBFBManager.swift */; };
		CB1851FE2C037CBA001C00E0 /* FirebaseConstants.swift in Sources */ = {isa = PBXBuildFile; fileRef = CB1851FD2C037CBA001C00E0 /* FirebaseConstants.swift */; };
		CB18520F2C048806001C00E0 /* MessagesViewModel.swift in Sources */ = {isa = PBXBuildFile; fileRef = CB18520E2C048806001C00E0 /* MessagesViewModel.swift */; };
		CB1852112C0488FD001C00E0 /* NewMessageSelectionView.swift in Sources */ = {isa = PBXBuildFile; fileRef = CB1852102C0488FD001C00E0 /* NewMessageSelectionView.swift */; };
		CB1852132C048938001C00E0 /* NewMessageViewModel.swift in Sources */ = {isa = PBXBuildFile; fileRef = CB1852122C048938001C00E0 /* NewMessageViewModel.swift */; };
		CB1F81372BD64AC9006A2908 /* MapScreen.swift in Sources */ = {isa = PBXBuildFile; fileRef = CB1F81362BD64AC9006A2908 /* MapScreen.swift */; };
		CB1F813A2BD64B04006A2908 /* LocationViewModel.swift in Sources */ = {isa = PBXBuildFile; fileRef = CB1F81392BD64B04006A2908 /* LocationViewModel.swift */; };
		CB1F813D2BD64BF8006A2908 /* LocationAnnotationView.swift in Sources */ = {isa = PBXBuildFile; fileRef = CB1F813C2BD64BF8006A2908 /* LocationAnnotationView.swift */; };
		CB1F81402BD65340006A2908 /* ViewExtensions.swift in Sources */ = {isa = PBXBuildFile; fileRef = CB1F813F2BD65340006A2908 /* ViewExtensions.swift */; };
		CB2A65BA2BE7BC2A0072027B /* AuthenticationStore.swift in Sources */ = {isa = PBXBuildFile; fileRef = CB2A65B92BE7BC2A0072027B /* AuthenticationStore.swift */; };
		CB2A65BC2BE7C7770072027B /* AdminDashboardView.swift in Sources */ = {isa = PBXBuildFile; fileRef = CB2A65BB2BE7C7770072027B /* AdminDashboardView.swift */; };
		CB2A65C02BE7C7F10072027B /* WaitingApprovalView.swift in Sources */ = {isa = PBXBuildFile; fileRef = CB2A65BF2BE7C7F10072027B /* WaitingApprovalView.swift */; };
		CB2A65C42BE7DC5B0072027B /* AuthRoute.swift in Sources */ = {isa = PBXBuildFile; fileRef = CB2A65C32BE7DC5B0072027B /* AuthRoute.swift */; };
		CB2A65C62BE7DFDC0072027B /* ContentWrapperView.swift in Sources */ = {isa = PBXBuildFile; fileRef = CB2A65C52BE7DFDC0072027B /* ContentWrapperView.swift */; };
		CB2A65C82BE7E0160072027B /* LocalStorage.swift in Sources */ = {isa = PBXBuildFile; fileRef = CB2A65C72BE7E0160072027B /* LocalStorage.swift */; };
		CB2A65CE2BE7E2300072027B /* IncidentsStore.swift in Sources */ = {isa = PBXBuildFile; fileRef = CB2A65CD2BE7E2300072027B /* IncidentsStore.swift */; };
		CB3141AB2BFA7572006FAEB2 /* GoogleService-Info.plist in Resources */ = {isa = PBXBuildFile; fileRef = CB3141AA2BFA7572006FAEB2 /* GoogleService-Info.plist */; };
		CB3141B92BFA7AA4006FAEB2 /* FirebaseDatabase in Frameworks */ = {isa = PBXBuildFile; productRef = CB3141B82BFA7AA4006FAEB2 /* FirebaseDatabase */; };
		CB3141BB2BFA7AA4006FAEB2 /* FirebaseFirestore in Frameworks */ = {isa = PBXBuildFile; productRef = CB3141BA2BFA7AA4006FAEB2 /* FirebaseFirestore */; };
		CB3141BD2BFA7AA4006FAEB2 /* FirebaseFunctions in Frameworks */ = {isa = PBXBuildFile; productRef = CB3141BC2BFA7AA4006FAEB2 /* FirebaseFunctions */; };
		CB3141BF2BFA7AA4006FAEB2 /* FirebaseMessaging in Frameworks */ = {isa = PBXBuildFile; productRef = CB3141BE2BFA7AA4006FAEB2 /* FirebaseMessaging */; };
		CB3141C12BFA7AA4006FAEB2 /* FirebaseRemoteConfig in Frameworks */ = {isa = PBXBuildFile; productRef = CB3141C02BFA7AA4006FAEB2 /* FirebaseRemoteConfig */; };
		CB3141C32BFA7AA4006FAEB2 /* FirebaseStorage in Frameworks */ = {isa = PBXBuildFile; productRef = CB3141C22BFA7AA4006FAEB2 /* FirebaseStorage */; };
		CB3141C62BFA7BF5006FAEB2 /* KBFBStorage.swift in Sources */ = {isa = PBXBuildFile; fileRef = CB3141C52BFA7BF5006FAEB2 /* KBFBStorage.swift */; };
		CB3141C92BFA8B47006FAEB2 /* SDWebImageSwiftUI in Frameworks */ = {isa = PBXBuildFile; productRef = CB3141C82BFA8B47006FAEB2 /* SDWebImageSwiftUI */; };
		CB3BEFAF2C11A6DF002266CA /* PushNotifications in Frameworks */ = {isa = PBXBuildFile; productRef = CB3BEFAE2C11A6DF002266CA /* PushNotifications */; };
		CB3BEFB22C11C1E3002266CA /* SOSAlertView.swift in Sources */ = {isa = PBXBuildFile; fileRef = CB3BEFB12C11C1E3002266CA /* SOSAlertView.swift */; };
		CB4102502BF607B900FE2D1E /* Endpoint.swift in Sources */ = {isa = PBXBuildFile; fileRef = CB41024F2BF607B900FE2D1E /* Endpoint.swift */; };
		CB4102522BF607C000FE2D1E /* HTTPMethod.swift in Sources */ = {isa = PBXBuildFile; fileRef = CB4102512BF607C000FE2D1E /* HTTPMethod.swift */; };
		CB4102542BF608B200FE2D1E /* APIError.swift in Sources */ = {isa = PBXBuildFile; fileRef = CB4102532BF608B200FE2D1E /* APIError.swift */; };
		CB4102562BF608CB00FE2D1E /* NotificationExtensions.swift in Sources */ = {isa = PBXBuildFile; fileRef = CB4102552BF608CB00FE2D1E /* NotificationExtensions.swift */; };
		CB4102582BF608DE00FE2D1E /* KBDecoder.swift in Sources */ = {isa = PBXBuildFile; fileRef = CB4102572BF608DE00FE2D1E /* KBDecoder.swift */; };
		CB4515492BD50A870025AEB8 /* Button.swift in Sources */ = {isa = PBXBuildFile; fileRef = CB4515482BD50A870025AEB8 /* Button.swift */; };
		CB45154B2BD511A20025AEB8 /* SplashScreen.swift in Sources */ = {isa = PBXBuildFile; fileRef = CB45154A2BD511A20025AEB8 /* SplashScreen.swift */; };
		CB45154D2BD5125A0025AEB8 /* SignInScreen.swift in Sources */ = {isa = PBXBuildFile; fileRef = CB45154C2BD5125A0025AEB8 /* SignInScreen.swift */; };
		CB45154F2BD519090025AEB8 /* TodoList.swift in Sources */ = {isa = PBXBuildFile; fileRef = CB45154E2BD519090025AEB8 /* TodoList.swift */; };
		CB4515512BD51AE30025AEB8 /* HomeScreen.swift in Sources */ = {isa = PBXBuildFile; fileRef = CB4515502BD51AE30025AEB8 /* HomeScreen.swift */; };
		CB4515542BD51FF40025AEB8 /* LocalStoreKey.swift in Sources */ = {isa = PBXBuildFile; fileRef = CB4515532BD51FF40025AEB8 /* LocalStoreKey.swift */; };
		CB4515582BD535AE0025AEB8 /* ChatsScreen.swift in Sources */ = {isa = PBXBuildFile; fileRef = CB4515572BD535AE0025AEB8 /* ChatsScreen.swift */; };
		CB45155A2BD535C10025AEB8 /* AnalyticsScreen.swift in Sources */ = {isa = PBXBuildFile; fileRef = CB4515592BD535C10025AEB8 /* AnalyticsScreen.swift */; };
		CB45155D2BD536280025AEB8 /* ContentTabView.swift in Sources */ = {isa = PBXBuildFile; fileRef = CB45155C2BD536280025AEB8 /* ContentTabView.swift */; };
		CB45155F2BD549D30025AEB8 /* IncidentsListView.swift in Sources */ = {isa = PBXBuildFile; fileRef = CB45155E2BD549D30025AEB8 /* IncidentsListView.swift */; };
		CB4515632BD549E80025AEB8 /* IncidentReportview.swift in Sources */ = {isa = PBXBuildFile; fileRef = CB4515622BD549E80025AEB8 /* IncidentReportview.swift */; };
		CB4515652BD5AD9D0025AEB8 /* ChatDetailScreen.swift in Sources */ = {isa = PBXBuildFile; fileRef = CB4515642BD5AD9D0025AEB8 /* ChatDetailScreen.swift */; };
		CB4635512BFB5735003D8AB1 /* AnyCacheable.swift in Sources */ = {isa = PBXBuildFile; fileRef = CB4635302BFB5734003D8AB1 /* AnyCacheable.swift */; };
		CB4635522BFB5735003D8AB1 /* Cache.swift in Sources */ = {isa = PBXBuildFile; fileRef = CB4635312BFB5734003D8AB1 /* Cache.swift */; };
		CB4635532BFB5735003D8AB1 /* Cache+subscript.swift in Sources */ = {isa = PBXBuildFile; fileRef = CB4635322BFB5734003D8AB1 /* Cache+subscript.swift */; };
		CB4635542BFB5735003D8AB1 /* ComposableCache.swift in Sources */ = {isa = PBXBuildFile; fileRef = CB4635332BFB5734003D8AB1 /* ComposableCache.swift */; };
		CB4635552BFB5735003D8AB1 /* ExpiringCache.swift in Sources */ = {isa = PBXBuildFile; fileRef = CB4635342BFB5734003D8AB1 /* ExpiringCache.swift */; };
		CB4635562BFB5735003D8AB1 /* ExpiringCache+subscript.swift in Sources */ = {isa = PBXBuildFile; fileRef = CB4635352BFB5734003D8AB1 /* ExpiringCache+subscript.swift */; };
		CB4635572BFB5735003D8AB1 /* LRUCache.swift in Sources */ = {isa = PBXBuildFile; fileRef = CB4635362BFB5734003D8AB1 /* LRUCache.swift */; };
		CB4635582BFB5735003D8AB1 /* PersistableCache.swift in Sources */ = {isa = PBXBuildFile; fileRef = CB4635372BFB5734003D8AB1 /* PersistableCache.swift */; };
		CB4635592BFB5735003D8AB1 /* RequiredKeysCache.swift in Sources */ = {isa = PBXBuildFile; fileRef = CB4635382BFB5734003D8AB1 /* RequiredKeysCache.swift */; };
		CB46355A2BFB5735003D8AB1 /* RequiredKeysCache+subscript.swift in Sources */ = {isa = PBXBuildFile; fileRef = CB4635392BFB5734003D8AB1 /* RequiredKeysCache+subscript.swift */; };
		CB46355B2BFB5735003D8AB1 /* Dictionary+Cacheable.swift in Sources */ = {isa = PBXBuildFile; fileRef = CB46353B2BFB5734003D8AB1 /* Dictionary+Cacheable.swift */; };
		CB46355C2BFB5735003D8AB1 /* InvalidTypeError.swift in Sources */ = {isa = PBXBuildFile; fileRef = CB46353D2BFB5734003D8AB1 /* InvalidTypeError.swift */; };
		CB46355D2BFB5735003D8AB1 /* MissingRequiredKeysError.swift in Sources */ = {isa = PBXBuildFile; fileRef = CB46353E2BFB5734003D8AB1 /* MissingRequiredKeysError.swift */; };
		CB46355E2BFB5735003D8AB1 /* Global.swift in Sources */ = {isa = PBXBuildFile; fileRef = CB4635402BFB5734003D8AB1 /* Global.swift */; };
		CB46355F2BFB5735003D8AB1 /* Global+cache.swift in Sources */ = {isa = PBXBuildFile; fileRef = CB4635412BFB5734003D8AB1 /* Global+cache.swift */; };
		CB4635602BFB5735003D8AB1 /* Global+dependencies.swift in Sources */ = {isa = PBXBuildFile; fileRef = CB4635422BFB5734003D8AB1 /* Global+dependencies.swift */; };
		CB4635612BFB5735003D8AB1 /* Global+images.swift in Sources */ = {isa = PBXBuildFile; fileRef = CB4635432BFB5734003D8AB1 /* Global+images.swift */; };
		CB4635622BFB5735003D8AB1 /* Global+loggers.swift in Sources */ = {isa = PBXBuildFile; fileRef = CB4635442BFB5734003D8AB1 /* Global+loggers.swift */; };
		CB4635632BFB5735003D8AB1 /* JSON.swift in Sources */ = {isa = PBXBuildFile; fileRef = CB4635462BFB5734003D8AB1 /* JSON.swift */; };
		CB4635642BFB5735003D8AB1 /* JSON+subscript.swift in Sources */ = {isa = PBXBuildFile; fileRef = CB4635472BFB5734003D8AB1 /* JSON+subscript.swift */; };
		CB4635652BFB5735003D8AB1 /* Cached.swift in Sources */ = {isa = PBXBuildFile; fileRef = CB4635492BFB5734003D8AB1 /* Cached.swift */; };
		CB4635662BFB5735003D8AB1 /* Logging.swift in Sources */ = {isa = PBXBuildFile; fileRef = CB46354A2BFB5734003D8AB1 /* Logging.swift */; };
		CB4635672BFB5735003D8AB1 /* OptionallyCached.swift in Sources */ = {isa = PBXBuildFile; fileRef = CB46354B2BFB5734003D8AB1 /* OptionallyCached.swift */; };
		CB4635682BFB5735003D8AB1 /* Resolved.swift in Sources */ = {isa = PBXBuildFile; fileRef = CB46354C2BFB5734003D8AB1 /* Resolved.swift */; };
		CB4635692BFB5735003D8AB1 /* Cacheable.swift in Sources */ = {isa = PBXBuildFile; fileRef = CB46354E2BFB5734003D8AB1 /* Cacheable.swift */; };
		CB46356A2BFB5735003D8AB1 /* CacheInitializable.swift in Sources */ = {isa = PBXBuildFile; fileRef = CB46354F2BFB5734003D8AB1 /* CacheInitializable.swift */; };
		CB46356C2BFB5BCD003D8AB1 /* KBImage.swift in Sources */ = {isa = PBXBuildFile; fileRef = CB46356B2BFB5BCD003D8AB1 /* KBImage.swift */; };
		CB46356E2BFB6A63003D8AB1 /* RecentReportRowView.swift in Sources */ = {isa = PBXBuildFile; fileRef = CB46356D2BFB6A63003D8AB1 /* RecentReportRowView.swift */; };
		CB5659302C21826A006DF848 /* alarm.wav in Resources */ = {isa = PBXBuildFile; fileRef = CB56592F2C21826A006DF848 /* alarm.wav */; };
		CB56593B2C21A7C1006DF848 /* CryptoSwift in Frameworks */ = {isa = PBXBuildFile; productRef = CB56593A2C21A7C1006DF848 /* CryptoSwift */; };
		CB56593E2C21BD0E006DF848 /* Pusher in Frameworks */ = {isa = PBXBuildFile; productRef = CB56593D2C21BD0E006DF848 /* Pusher */; };
		CB5659402C21BD4F006DF848 /* KBPusherClient.swift in Sources */ = {isa = PBXBuildFile; fileRef = CB56593F2C21BD4F006DF848 /* KBPusherClient.swift */; };
		CB5659432C22B699006DF848 /* KBProfileView.swift in Sources */ = {isa = PBXBuildFile; fileRef = CB5659422C22B698006DF848 /* KBProfileView.swift */; };
		CB58D56C2BDE663500F822A7 /* KBUser.swift in Sources */ = {isa = PBXBuildFile; fileRef = CB58D56B2BDE663500F822A7 /* KBUser.swift */; };
		CB58D56E2BDEDB5600F822A7 /* KBIncident.swift in Sources */ = {isa = PBXBuildFile; fileRef = CB58D56D2BDEDB5600F822A7 /* KBIncident.swift */; };
		CB58D5702BDEFC5C00F822A7 /* NetworkClient.swift in Sources */ = {isa = PBXBuildFile; fileRef = CB58D56F2BDEFC5C00F822A7 /* NetworkClient.swift */; };
		CB58D5722BDF9B2C00F822A7 /* response.json in Resources */ = {isa = PBXBuildFile; fileRef = CB58D5712BDF9B2C00F822A7 /* response.json */; };
		CB58D5742BDF9B4500F822A7 /* LocalDecoder.swift in Sources */ = {isa = PBXBuildFile; fileRef = CB58D5732BDF9B4500F822A7 /* LocalDecoder.swift */; };
		CB623AE92C04DFB600AA3CA7 /* ChatLogViewModel.swift in Sources */ = {isa = PBXBuildFile; fileRef = CB623AE82C04DFB600AA3CA7 /* ChatLogViewModel.swift */; };
		CB623AEC2C05209400AA3CA7 /* PusherSwift in Frameworks */ = {isa = PBXBuildFile; productRef = CB623AEB2C05209400AA3CA7 /* PusherSwift */; };
		CB623AEE2C0520B500AA3CA7 /* KBPusherManager.swift in Sources */ = {isa = PBXBuildFile; fileRef = CB623AED2C0520B400AA3CA7 /* KBPusherManager.swift */; };
		CB71A2BF2BD4507C008AD154 /* KahuziBiegaApp.swift in Sources */ = {isa = PBXBuildFile; fileRef = CB71A2BE2BD4507C008AD154 /* KahuziBiegaApp.swift */; };
		CB71A2C12BD4507C008AD154 /* ContentView.swift in Sources */ = {isa = PBXBuildFile; fileRef = CB71A2C02BD4507C008AD154 /* ContentView.swift */; };
		CB71A2C32BD4507C008AD154 /* Item.swift in Sources */ = {isa = PBXBuildFile; fileRef = CB71A2C22BD4507C008AD154 /* Item.swift */; };
		CB71A2C52BD4507E008AD154 /* Assets.xcassets in Resources */ = {isa = PBXBuildFile; fileRef = CB71A2C42BD4507E008AD154 /* Assets.xcassets */; };
		CB71A2C92BD4507E008AD154 /* Preview Assets.xcassets in Resources */ = {isa = PBXBuildFile; fileRef = CB71A2C82BD4507E008AD154 /* Preview Assets.xcassets */; };
		CB71A2D32BD4507F008AD154 /* KahuziBiegaTests.swift in Sources */ = {isa = PBXBuildFile; fileRef = CB71A2D22BD4507F008AD154 /* KahuziBiegaTests.swift */; };
		CB71A2DD2BD4507F008AD154 /* KahuziBiegaUITests.swift in Sources */ = {isa = PBXBuildFile; fileRef = CB71A2DC2BD4507F008AD154 /* KahuziBiegaUITests.swift */; };
		CB71A2DF2BD4507F008AD154 /* KahuziBiegaUITestsLaunchTests.swift in Sources */ = {isa = PBXBuildFile; fileRef = CB71A2DE2BD4507F008AD154 /* KahuziBiegaUITestsLaunchTests.swift */; };
		CB71A2EF2BD45376008AD154 /* SignUpScreen.swift in Sources */ = {isa = PBXBuildFile; fileRef = CB71A2EE2BD45376008AD154 /* SignUpScreen.swift */; };
		CB71A2F12BD453BA008AD154 /* Colors.xcassets in Resources */ = {isa = PBXBuildFile; fileRef = CB71A2F02BD453BA008AD154 /* Colors.xcassets */; };
		CBB554E62BF3545C008663A8 /* AdminDetailView.swift in Sources */ = {isa = PBXBuildFile; fileRef = CBB554E52BF3545C008663A8 /* AdminDetailView.swift */; };
		CBB554E82BF35499008663A8 /* UserStore.swift in Sources */ = {isa = PBXBuildFile; fileRef = CBB554E72BF35499008663A8 /* UserStore.swift */; };
		CBB554EE2BF39BA9008663A8 /* AdminNewUserView.swift in Sources */ = {isa = PBXBuildFile; fileRef = CBB554ED2BF39BA9008663A8 /* AdminNewUserView.swift */; };
		CBB554F02BF39C06008663A8 /* KBField.swift in Sources */ = {isa = PBXBuildFile; fileRef = CBB554EF2BF39C06008663A8 /* KBField.swift */; };
		CBB554F32BF4B755008663A8 /* incidents.json in Resources */ = {isa = PBXBuildFile; fileRef = CBB554F22BF4B755008663A8 /* incidents.json */; };
		CBB554F72BF4C67E008663A8 /* IncidentCreationView.swift in Sources */ = {isa = PBXBuildFile; fileRef = CBB554F62BF4C67E008663A8 /* IncidentCreationView.swift */; };
		CBB554F92BF4C691008663A8 /* IncidentDetailView.swift in Sources */ = {isa = PBXBuildFile; fileRef = CBB554F82BF4C691008663A8 /* IncidentDetailView.swift */; };
/* End PBXBuildFile section */

/* Begin PBXContainerItemProxy section */
		CB71A2CF2BD4507F008AD154 /* PBXContainerItemProxy */ = {
			isa = PBXContainerItemProxy;
			containerPortal = CB71A2B32BD4507C008AD154 /* Project object */;
			proxyType = 1;
			remoteGlobalIDString = CB71A2BA2BD4507C008AD154;
			remoteInfo = KahuziBiega;
		};
		CB71A2D92BD4507F008AD154 /* PBXContainerItemProxy */ = {
			isa = PBXContainerItemProxy;
			containerPortal = CB71A2B32BD4507C008AD154 /* Project object */;
			proxyType = 1;
			remoteGlobalIDString = CB71A2BA2BD4507C008AD154;
			remoteInfo = KahuziBiega;
		};
/* End PBXContainerItemProxy section */

/* Begin PBXFileReference section */
		CB1851F12C0227FC001C00E0 /* KBChatUser.swift */ = {isa = PBXFileReference; lastKnownFileType = sourcecode.swift; path = KBChatUser.swift; sourceTree = "<group>"; };
		CB1851F42C02281F001C00E0 /* KBChatMessage.swift */ = {isa = PBXFileReference; lastKnownFileType = sourcecode.swift; path = KBChatMessage.swift; sourceTree = "<group>"; };
		CB1851F62C022839001C00E0 /* KBRecentMessage.swift */ = {isa = PBXFileReference; lastKnownFileType = sourcecode.swift; path = KBRecentMessage.swift; sourceTree = "<group>"; };
		CB1851FB2C037BF2001C00E0 /* KBFBManager.swift */ = {isa = PBXFileReference; lastKnownFileType = sourcecode.swift; path = KBFBManager.swift; sourceTree = "<group>"; };
		CB1851FD2C037CBA001C00E0 /* FirebaseConstants.swift */ = {isa = PBXFileReference; lastKnownFileType = sourcecode.swift; path = FirebaseConstants.swift; sourceTree = "<group>"; };
		CB18520E2C048806001C00E0 /* MessagesViewModel.swift */ = {isa = PBXFileReference; lastKnownFileType = sourcecode.swift; path = MessagesViewModel.swift; sourceTree = "<group>"; };
		CB1852102C0488FD001C00E0 /* NewMessageSelectionView.swift */ = {isa = PBXFileReference; lastKnownFileType = sourcecode.swift; path = NewMessageSelectionView.swift; sourceTree = "<group>"; };
		CB1852122C048938001C00E0 /* NewMessageViewModel.swift */ = {isa = PBXFileReference; lastKnownFileType = sourcecode.swift; path = NewMessageViewModel.swift; sourceTree = "<group>"; };
		CB1F81362BD64AC9006A2908 /* MapScreen.swift */ = {isa = PBXFileReference; lastKnownFileType = sourcecode.swift; path = MapScreen.swift; sourceTree = "<group>"; };
		CB1F81392BD64B04006A2908 /* LocationViewModel.swift */ = {isa = PBXFileReference; lastKnownFileType = sourcecode.swift; path = LocationViewModel.swift; sourceTree = "<group>"; };
		CB1F813C2BD64BF8006A2908 /* LocationAnnotationView.swift */ = {isa = PBXFileReference; lastKnownFileType = sourcecode.swift; path = LocationAnnotationView.swift; sourceTree = "<group>"; };
		CB1F813F2BD65340006A2908 /* ViewExtensions.swift */ = {isa = PBXFileReference; lastKnownFileType = sourcecode.swift; path = ViewExtensions.swift; sourceTree = "<group>"; };
		CB2A65B92BE7BC2A0072027B /* AuthenticationStore.swift */ = {isa = PBXFileReference; lastKnownFileType = sourcecode.swift; path = AuthenticationStore.swift; sourceTree = "<group>"; };
		CB2A65BB2BE7C7770072027B /* AdminDashboardView.swift */ = {isa = PBXFileReference; lastKnownFileType = sourcecode.swift; path = AdminDashboardView.swift; sourceTree = "<group>"; };
		CB2A65BF2BE7C7F10072027B /* WaitingApprovalView.swift */ = {isa = PBXFileReference; lastKnownFileType = sourcecode.swift; path = WaitingApprovalView.swift; sourceTree = "<group>"; };
		CB2A65C32BE7DC5B0072027B /* AuthRoute.swift */ = {isa = PBXFileReference; lastKnownFileType = sourcecode.swift; path = AuthRoute.swift; sourceTree = "<group>"; };
		CB2A65C52BE7DFDC0072027B /* ContentWrapperView.swift */ = {isa = PBXFileReference; lastKnownFileType = sourcecode.swift; path = ContentWrapperView.swift; sourceTree = "<group>"; };
		CB2A65C72BE7E0160072027B /* LocalStorage.swift */ = {isa = PBXFileReference; lastKnownFileType = sourcecode.swift; path = LocalStorage.swift; sourceTree = "<group>"; };
		CB2A65CD2BE7E2300072027B /* IncidentsStore.swift */ = {isa = PBXFileReference; lastKnownFileType = sourcecode.swift; path = IncidentsStore.swift; sourceTree = "<group>"; };
		CB3141AA2BFA7572006FAEB2 /* GoogleService-Info.plist */ = {isa = PBXFileReference; fileEncoding = 4; lastKnownFileType = text.plist.xml; path = "GoogleService-Info.plist"; sourceTree = "<group>"; };
		CB3141C52BFA7BF5006FAEB2 /* KBFBStorage.swift */ = {isa = PBXFileReference; lastKnownFileType = sourcecode.swift; path = KBFBStorage.swift; sourceTree = "<group>"; };
		CB3BEFAC2C11A605002266CA /* Info.plist */ = {isa = PBXFileReference; lastKnownFileType = text.plist; path = Info.plist; sourceTree = "<group>"; };
		CB3BEFB12C11C1E3002266CA /* SOSAlertView.swift */ = {isa = PBXFileReference; lastKnownFileType = sourcecode.swift; path = SOSAlertView.swift; sourceTree = "<group>"; };
		CB41024F2BF607B900FE2D1E /* Endpoint.swift */ = {isa = PBXFileReference; lastKnownFileType = sourcecode.swift; path = Endpoint.swift; sourceTree = "<group>"; };
		CB4102512BF607C000FE2D1E /* HTTPMethod.swift */ = {isa = PBXFileReference; lastKnownFileType = sourcecode.swift; path = HTTPMethod.swift; sourceTree = "<group>"; };
		CB4102532BF608B200FE2D1E /* APIError.swift */ = {isa = PBXFileReference; lastKnownFileType = sourcecode.swift; path = APIError.swift; sourceTree = "<group>"; };
		CB4102552BF608CB00FE2D1E /* NotificationExtensions.swift */ = {isa = PBXFileReference; lastKnownFileType = sourcecode.swift; path = NotificationExtensions.swift; sourceTree = "<group>"; };
		CB4102572BF608DE00FE2D1E /* KBDecoder.swift */ = {isa = PBXFileReference; lastKnownFileType = sourcecode.swift; path = KBDecoder.swift; sourceTree = "<group>"; };
		CB4515482BD50A870025AEB8 /* Button.swift */ = {isa = PBXFileReference; lastKnownFileType = sourcecode.swift; path = Button.swift; sourceTree = "<group>"; };
		CB45154A2BD511A20025AEB8 /* SplashScreen.swift */ = {isa = PBXFileReference; lastKnownFileType = sourcecode.swift; path = SplashScreen.swift; sourceTree = "<group>"; };
		CB45154C2BD5125A0025AEB8 /* SignInScreen.swift */ = {isa = PBXFileReference; lastKnownFileType = sourcecode.swift; path = SignInScreen.swift; sourceTree = "<group>"; };
		CB45154E2BD519090025AEB8 /* TodoList.swift */ = {isa = PBXFileReference; lastKnownFileType = sourcecode.swift; path = TodoList.swift; sourceTree = "<group>"; };
		CB4515502BD51AE30025AEB8 /* HomeScreen.swift */ = {isa = PBXFileReference; lastKnownFileType = sourcecode.swift; path = HomeScreen.swift; sourceTree = "<group>"; };
		CB4515532BD51FF40025AEB8 /* LocalStoreKey.swift */ = {isa = PBXFileReference; lastKnownFileType = sourcecode.swift; path = LocalStoreKey.swift; sourceTree = "<group>"; };
		CB4515572BD535AE0025AEB8 /* ChatsScreen.swift */ = {isa = PBXFileReference; lastKnownFileType = sourcecode.swift; path = ChatsScreen.swift; sourceTree = "<group>"; };
		CB4515592BD535C10025AEB8 /* AnalyticsScreen.swift */ = {isa = PBXFileReference; lastKnownFileType = sourcecode.swift; path = AnalyticsScreen.swift; sourceTree = "<group>"; };
		CB45155C2BD536280025AEB8 /* ContentTabView.swift */ = {isa = PBXFileReference; lastKnownFileType = sourcecode.swift; path = ContentTabView.swift; sourceTree = "<group>"; };
		CB45155E2BD549D30025AEB8 /* IncidentsListView.swift */ = {isa = PBXFileReference; lastKnownFileType = sourcecode.swift; path = IncidentsListView.swift; sourceTree = "<group>"; };
		CB4515622BD549E80025AEB8 /* IncidentReportview.swift */ = {isa = PBXFileReference; lastKnownFileType = sourcecode.swift; path = IncidentReportview.swift; sourceTree = "<group>"; };
		CB4515642BD5AD9D0025AEB8 /* ChatDetailScreen.swift */ = {isa = PBXFileReference; lastKnownFileType = sourcecode.swift; path = ChatDetailScreen.swift; sourceTree = "<group>"; };
		CB4635302BFB5734003D8AB1 /* AnyCacheable.swift */ = {isa = PBXFileReference; fileEncoding = 4; lastKnownFileType = sourcecode.swift; path = AnyCacheable.swift; sourceTree = "<group>"; };
		CB4635312BFB5734003D8AB1 /* Cache.swift */ = {isa = PBXFileReference; fileEncoding = 4; lastKnownFileType = sourcecode.swift; path = Cache.swift; sourceTree = "<group>"; };
		CB4635322BFB5734003D8AB1 /* Cache+subscript.swift */ = {isa = PBXFileReference; fileEncoding = 4; lastKnownFileType = sourcecode.swift; path = "Cache+subscript.swift"; sourceTree = "<group>"; };
		CB4635332BFB5734003D8AB1 /* ComposableCache.swift */ = {isa = PBXFileReference; fileEncoding = 4; lastKnownFileType = sourcecode.swift; path = ComposableCache.swift; sourceTree = "<group>"; };
		CB4635342BFB5734003D8AB1 /* ExpiringCache.swift */ = {isa = PBXFileReference; fileEncoding = 4; lastKnownFileType = sourcecode.swift; path = ExpiringCache.swift; sourceTree = "<group>"; };
		CB4635352BFB5734003D8AB1 /* ExpiringCache+subscript.swift */ = {isa = PBXFileReference; fileEncoding = 4; lastKnownFileType = sourcecode.swift; path = "ExpiringCache+subscript.swift"; sourceTree = "<group>"; };
		CB4635362BFB5734003D8AB1 /* LRUCache.swift */ = {isa = PBXFileReference; fileEncoding = 4; lastKnownFileType = sourcecode.swift; path = LRUCache.swift; sourceTree = "<group>"; };
		CB4635372BFB5734003D8AB1 /* PersistableCache.swift */ = {isa = PBXFileReference; fileEncoding = 4; lastKnownFileType = sourcecode.swift; path = PersistableCache.swift; sourceTree = "<group>"; };
		CB4635382BFB5734003D8AB1 /* RequiredKeysCache.swift */ = {isa = PBXFileReference; fileEncoding = 4; lastKnownFileType = sourcecode.swift; path = RequiredKeysCache.swift; sourceTree = "<group>"; };
		CB4635392BFB5734003D8AB1 /* RequiredKeysCache+subscript.swift */ = {isa = PBXFileReference; fileEncoding = 4; lastKnownFileType = sourcecode.swift; path = "RequiredKeysCache+subscript.swift"; sourceTree = "<group>"; };
		CB46353B2BFB5734003D8AB1 /* Dictionary+Cacheable.swift */ = {isa = PBXFileReference; fileEncoding = 4; lastKnownFileType = sourcecode.swift; path = "Dictionary+Cacheable.swift"; sourceTree = "<group>"; };
		CB46353D2BFB5734003D8AB1 /* InvalidTypeError.swift */ = {isa = PBXFileReference; fileEncoding = 4; lastKnownFileType = sourcecode.swift; path = InvalidTypeError.swift; sourceTree = "<group>"; };
		CB46353E2BFB5734003D8AB1 /* MissingRequiredKeysError.swift */ = {isa = PBXFileReference; fileEncoding = 4; lastKnownFileType = sourcecode.swift; path = MissingRequiredKeysError.swift; sourceTree = "<group>"; };
		CB4635402BFB5734003D8AB1 /* Global.swift */ = {isa = PBXFileReference; fileEncoding = 4; lastKnownFileType = sourcecode.swift; path = Global.swift; sourceTree = "<group>"; };
		CB4635412BFB5734003D8AB1 /* Global+cache.swift */ = {isa = PBXFileReference; fileEncoding = 4; lastKnownFileType = sourcecode.swift; path = "Global+cache.swift"; sourceTree = "<group>"; };
		CB4635422BFB5734003D8AB1 /* Global+dependencies.swift */ = {isa = PBXFileReference; fileEncoding = 4; lastKnownFileType = sourcecode.swift; path = "Global+dependencies.swift"; sourceTree = "<group>"; };
		CB4635432BFB5734003D8AB1 /* Global+images.swift */ = {isa = PBXFileReference; fileEncoding = 4; lastKnownFileType = sourcecode.swift; path = "Global+images.swift"; sourceTree = "<group>"; };
		CB4635442BFB5734003D8AB1 /* Global+loggers.swift */ = {isa = PBXFileReference; fileEncoding = 4; lastKnownFileType = sourcecode.swift; path = "Global+loggers.swift"; sourceTree = "<group>"; };
		CB4635462BFB5734003D8AB1 /* JSON.swift */ = {isa = PBXFileReference; fileEncoding = 4; lastKnownFileType = sourcecode.swift; path = JSON.swift; sourceTree = "<group>"; };
		CB4635472BFB5734003D8AB1 /* JSON+subscript.swift */ = {isa = PBXFileReference; fileEncoding = 4; lastKnownFileType = sourcecode.swift; path = "JSON+subscript.swift"; sourceTree = "<group>"; };
		CB4635492BFB5734003D8AB1 /* Cached.swift */ = {isa = PBXFileReference; fileEncoding = 4; lastKnownFileType = sourcecode.swift; path = Cached.swift; sourceTree = "<group>"; };
		CB46354A2BFB5734003D8AB1 /* Logging.swift */ = {isa = PBXFileReference; fileEncoding = 4; lastKnownFileType = sourcecode.swift; path = Logging.swift; sourceTree = "<group>"; };
		CB46354B2BFB5734003D8AB1 /* OptionallyCached.swift */ = {isa = PBXFileReference; fileEncoding = 4; lastKnownFileType = sourcecode.swift; path = OptionallyCached.swift; sourceTree = "<group>"; };
		CB46354C2BFB5734003D8AB1 /* Resolved.swift */ = {isa = PBXFileReference; fileEncoding = 4; lastKnownFileType = sourcecode.swift; path = Resolved.swift; sourceTree = "<group>"; };
		CB46354E2BFB5734003D8AB1 /* Cacheable.swift */ = {isa = PBXFileReference; fileEncoding = 4; lastKnownFileType = sourcecode.swift; path = Cacheable.swift; sourceTree = "<group>"; };
		CB46354F2BFB5734003D8AB1 /* CacheInitializable.swift */ = {isa = PBXFileReference; fileEncoding = 4; lastKnownFileType = sourcecode.swift; path = CacheInitializable.swift; sourceTree = "<group>"; };
		CB46356B2BFB5BCD003D8AB1 /* KBImage.swift */ = {isa = PBXFileReference; lastKnownFileType = sourcecode.swift; path = KBImage.swift; sourceTree = "<group>"; };
		CB46356D2BFB6A63003D8AB1 /* RecentReportRowView.swift */ = {isa = PBXFileReference; lastKnownFileType = sourcecode.swift; path = RecentReportRowView.swift; sourceTree = "<group>"; };
		CB56592F2C21826A006DF848 /* alarm.wav */ = {isa = PBXFileReference; lastKnownFileType = audio.wav; path = alarm.wav; sourceTree = "<group>"; };
		CB56593F2C21BD4F006DF848 /* KBPusherClient.swift */ = {isa = PBXFileReference; lastKnownFileType = sourcecode.swift; path = KBPusherClient.swift; sourceTree = "<group>"; };
		CB5659422C22B698006DF848 /* KBProfileView.swift */ = {isa = PBXFileReference; lastKnownFileType = sourcecode.swift; path = KBProfileView.swift; sourceTree = "<group>"; };
		CB58D56B2BDE663500F822A7 /* KBUser.swift */ = {isa = PBXFileReference; lastKnownFileType = sourcecode.swift; path = KBUser.swift; sourceTree = "<group>"; };
		CB58D56D2BDEDB5600F822A7 /* KBIncident.swift */ = {isa = PBXFileReference; lastKnownFileType = sourcecode.swift; path = KBIncident.swift; sourceTree = "<group>"; };
		CB58D56F2BDEFC5C00F822A7 /* NetworkClient.swift */ = {isa = PBXFileReference; lastKnownFileType = sourcecode.swift; path = NetworkClient.swift; sourceTree = "<group>"; };
		CB58D5712BDF9B2C00F822A7 /* response.json */ = {isa = PBXFileReference; fileEncoding = 4; lastKnownFileType = text.json; path = response.json; sourceTree = "<group>"; };
		CB58D5732BDF9B4500F822A7 /* LocalDecoder.swift */ = {isa = PBXFileReference; lastKnownFileType = sourcecode.swift; path = LocalDecoder.swift; sourceTree = "<group>"; };
		CB623AE82C04DFB600AA3CA7 /* ChatLogViewModel.swift */ = {isa = PBXFileReference; lastKnownFileType = sourcecode.swift; path = ChatLogViewModel.swift; sourceTree = "<group>"; };
		CB623AED2C0520B400AA3CA7 /* KBPusherManager.swift */ = {isa = PBXFileReference; lastKnownFileType = sourcecode.swift; path = KBPusherManager.swift; sourceTree = "<group>"; };
		CB71A2BB2BD4507C008AD154 /* KahuziBiega.app */ = {isa = PBXFileReference; explicitFileType = wrapper.application; includeInIndex = 0; path = KahuziBiega.app; sourceTree = BUILT_PRODUCTS_DIR; };
		CB71A2BE2BD4507C008AD154 /* KahuziBiegaApp.swift */ = {isa = PBXFileReference; lastKnownFileType = sourcecode.swift; path = KahuziBiegaApp.swift; sourceTree = "<group>"; };
		CB71A2C02BD4507C008AD154 /* ContentView.swift */ = {isa = PBXFileReference; lastKnownFileType = sourcecode.swift; path = ContentView.swift; sourceTree = "<group>"; };
		CB71A2C22BD4507C008AD154 /* Item.swift */ = {isa = PBXFileReference; lastKnownFileType = sourcecode.swift; path = Item.swift; sourceTree = "<group>"; };
		CB71A2C42BD4507E008AD154 /* Assets.xcassets */ = {isa = PBXFileReference; lastKnownFileType = folder.assetcatalog; path = Assets.xcassets; sourceTree = "<group>"; };
		CB71A2C62BD4507E008AD154 /* KahuziBiega.entitlements */ = {isa = PBXFileReference; lastKnownFileType = text.plist.entitlements; path = KahuziBiega.entitlements; sourceTree = "<group>"; };
		CB71A2C82BD4507E008AD154 /* Preview Assets.xcassets */ = {isa = PBXFileReference; lastKnownFileType = folder.assetcatalog; path = "Preview Assets.xcassets"; sourceTree = "<group>"; };
		CB71A2CE2BD4507F008AD154 /* KahuziBiegaTests.xctest */ = {isa = PBXFileReference; explicitFileType = wrapper.cfbundle; includeInIndex = 0; path = KahuziBiegaTests.xctest; sourceTree = BUILT_PRODUCTS_DIR; };
		CB71A2D22BD4507F008AD154 /* KahuziBiegaTests.swift */ = {isa = PBXFileReference; lastKnownFileType = sourcecode.swift; path = KahuziBiegaTests.swift; sourceTree = "<group>"; };
		CB71A2D82BD4507F008AD154 /* KahuziBiegaUITests.xctest */ = {isa = PBXFileReference; explicitFileType = wrapper.cfbundle; includeInIndex = 0; path = KahuziBiegaUITests.xctest; sourceTree = BUILT_PRODUCTS_DIR; };
		CB71A2DC2BD4507F008AD154 /* KahuziBiegaUITests.swift */ = {isa = PBXFileReference; lastKnownFileType = sourcecode.swift; path = KahuziBiegaUITests.swift; sourceTree = "<group>"; };
		CB71A2DE2BD4507F008AD154 /* KahuziBiegaUITestsLaunchTests.swift */ = {isa = PBXFileReference; lastKnownFileType = sourcecode.swift; path = KahuziBiegaUITestsLaunchTests.swift; sourceTree = "<group>"; };
		CB71A2EE2BD45376008AD154 /* SignUpScreen.swift */ = {isa = PBXFileReference; lastKnownFileType = sourcecode.swift; path = SignUpScreen.swift; sourceTree = "<group>"; };
		CB71A2F02BD453BA008AD154 /* Colors.xcassets */ = {isa = PBXFileReference; lastKnownFileType = folder.assetcatalog; path = Colors.xcassets; sourceTree = "<group>"; };
		CBB554E52BF3545C008663A8 /* AdminDetailView.swift */ = {isa = PBXFileReference; lastKnownFileType = sourcecode.swift; path = AdminDetailView.swift; sourceTree = "<group>"; };
		CBB554E72BF35499008663A8 /* UserStore.swift */ = {isa = PBXFileReference; lastKnownFileType = sourcecode.swift; path = UserStore.swift; sourceTree = "<group>"; };
		CBB554ED2BF39BA9008663A8 /* AdminNewUserView.swift */ = {isa = PBXFileReference; lastKnownFileType = sourcecode.swift; path = AdminNewUserView.swift; sourceTree = "<group>"; };
		CBB554EF2BF39C06008663A8 /* KBField.swift */ = {isa = PBXFileReference; lastKnownFileType = sourcecode.swift; path = KBField.swift; sourceTree = "<group>"; };
		CBB554F22BF4B755008663A8 /* incidents.json */ = {isa = PBXFileReference; fileEncoding = 4; lastKnownFileType = text.json; path = incidents.json; sourceTree = "<group>"; };
		CBB554F62BF4C67E008663A8 /* IncidentCreationView.swift */ = {isa = PBXFileReference; lastKnownFileType = sourcecode.swift; path = IncidentCreationView.swift; sourceTree = "<group>"; };
		CBB554F82BF4C691008663A8 /* IncidentDetailView.swift */ = {isa = PBXFileReference; lastKnownFileType = sourcecode.swift; path = IncidentDetailView.swift; sourceTree = "<group>"; };
/* End PBXFileReference section */

/* Begin PBXFrameworksBuildPhase section */
		CB71A2B82BD4507C008AD154 /* Frameworks */ = {
			isa = PBXFrameworksBuildPhase;
			buildActionMask = 2147483647;
			files = (
				CB623AEC2C05209400AA3CA7 /* PusherSwift in Frameworks */,
				CB3BEFAF2C11A6DF002266CA /* PushNotifications in Frameworks */,
				CB3141C92BFA8B47006FAEB2 /* SDWebImageSwiftUI in Frameworks */,
				CB3141BF2BFA7AA4006FAEB2 /* FirebaseMessaging in Frameworks */,
				CB3141BD2BFA7AA4006FAEB2 /* FirebaseFunctions in Frameworks */,
				CB3141B92BFA7AA4006FAEB2 /* FirebaseDatabase in Frameworks */,
				CB3141BB2BFA7AA4006FAEB2 /* FirebaseFirestore in Frameworks */,
				CB56593B2C21A7C1006DF848 /* CryptoSwift in Frameworks */,
				CB3141C12BFA7AA4006FAEB2 /* FirebaseRemoteConfig in Frameworks */,
				CB56593E2C21BD0E006DF848 /* Pusher in Frameworks */,
				CB3141C32BFA7AA4006FAEB2 /* FirebaseStorage in Frameworks */,
				CB1851F02C02279B001C00E0 /* FirebaseAuth in Frameworks */,
			);
			runOnlyForDeploymentPostprocessing = 0;
		};
		CB71A2CB2BD4507F008AD154 /* Frameworks */ = {
			isa = PBXFrameworksBuildPhase;
			buildActionMask = 2147483647;
			files = (
			);
			runOnlyForDeploymentPostprocessing = 0;
		};
		CB71A2D52BD4507F008AD154 /* Frameworks */ = {
			isa = PBXFrameworksBuildPhase;
			buildActionMask = 2147483647;
			files = (
			);
			runOnlyForDeploymentPostprocessing = 0;
		};
/* End PBXFrameworksBuildPhase section */

/* Begin PBXGroup section */
		CB1851F32C022816001C00E0 /* Chat */ = {
			isa = PBXGroup;
			children = (
				CB1851F12C0227FC001C00E0 /* KBChatUser.swift */,
				CB1851F42C02281F001C00E0 /* KBChatMessage.swift */,
				CB1851F62C022839001C00E0 /* KBRecentMessage.swift */,
			);
			path = Chat;
			sourceTree = "<group>";
		};
		CB1851F82C037BDF001C00E0 /* Utils */ = {
			isa = PBXGroup;
			children = (
				CB1851FB2C037BF2001C00E0 /* KBFBManager.swift */,
				CB1851FD2C037CBA001C00E0 /* FirebaseConstants.swift */,
				CB623AED2C0520B400AA3CA7 /* KBPusherManager.swift */,
				CB56593F2C21BD4F006DF848 /* KBPusherClient.swift */,
			);
			path = Utils;
			sourceTree = "<group>";
		};
		CB1852002C037D03001C00E0 /* Chat */ = {
			isa = PBXGroup;
			children = (
				CB1852102C0488FD001C00E0 /* NewMessageSelectionView.swift */,
			);
			path = Chat;
			sourceTree = "<group>";
		};
		CB1852042C037D03001C00E0 /* MainMessages */ = {
			isa = PBXGroup;
			children = (
				CB1852002C037D03001C00E0 /* Chat */,
			);
			path = MainMessages;
			sourceTree = "<group>";
		};
		CB1F81382BD64AFB006A2908 /* ViewModel */ = {
			isa = PBXGroup;
			children = (
				CB1F81392BD64B04006A2908 /* LocationViewModel.swift */,
				CB2A65CD2BE7E2300072027B /* IncidentsStore.swift */,
				CB2A65B92BE7BC2A0072027B /* AuthenticationStore.swift */,
				CBB554E72BF35499008663A8 /* UserStore.swift */,
				CB18520E2C048806001C00E0 /* MessagesViewModel.swift */,
				CB1852122C048938001C00E0 /* NewMessageViewModel.swift */,
				CB623AE82C04DFB600AA3CA7 /* ChatLogViewModel.swift */,
			);
			path = ViewModel;
			sourceTree = "<group>";
		};
		CB1F813B2BD64BEF006A2908 /* Custom */ = {
			isa = PBXGroup;
			children = (
				CB1F813C2BD64BF8006A2908 /* LocationAnnotationView.swift */,
				CB46356B2BFB5BCD003D8AB1 /* KBImage.swift */,
				CBB554EF2BF39C06008663A8 /* KBField.swift */,
			);
			path = Custom;
			sourceTree = "<group>";
		};
		CB1F813E2BD65337006A2908 /* Extensions */ = {
			isa = PBXGroup;
			children = (
				CB1F813F2BD65340006A2908 /* ViewExtensions.swift */,
				CB4102552BF608CB00FE2D1E /* NotificationExtensions.swift */,
			);
			path = Extensions;
			sourceTree = "<group>";
		};
		CB1F81412BD6536D006A2908 /* Models */ = {
			isa = PBXGroup;
			children = (
				CB71A2C22BD4507C008AD154 /* Item.swift */,
				CB2A65C32BE7DC5B0072027B /* AuthRoute.swift */,
				CB58D56B2BDE663500F822A7 /* KBUser.swift */,
				CB1851F32C022816001C00E0 /* Chat */,
				CB58D56D2BDEDB5600F822A7 /* KBIncident.swift */,
			);
			path = Models;
			sourceTree = "<group>";
		};
		CB3141AC2BFA7759006FAEB2 /* Frameworks */ = {
			isa = PBXGroup;
			children = (
			);
			name = Frameworks;
			sourceTree = "<group>";
		};
		CB3141C42BFA7BDA006FAEB2 /* Storage */ = {
			isa = PBXGroup;
			children = (
				CB3141C52BFA7BF5006FAEB2 /* KBFBStorage.swift */,
			);
			path = Storage;
			sourceTree = "<group>";
		};
		CB3BEFB02C11C1D9002266CA /* SOS */ = {
			isa = PBXGroup;
			children = (
				CB3BEFB12C11C1E3002266CA /* SOSAlertView.swift */,
			);
			path = SOS;
			sourceTree = "<group>";
		};
		CB41024E2BF6079000FE2D1E /* Networking */ = {
			isa = PBXGroup;
			children = (
				CB58D56F2BDEFC5C00F822A7 /* NetworkClient.swift */,
				CB4102572BF608DE00FE2D1E /* KBDecoder.swift */,
				CB41024F2BF607B900FE2D1E /* Endpoint.swift */,
				CB4102512BF607C000FE2D1E /* HTTPMethod.swift */,
				CB4102532BF608B200FE2D1E /* APIError.swift */,
			);
			path = Networking;
			sourceTree = "<group>";
		};
		CB4515472BD50A7D0025AEB8 /* Style */ = {
			isa = PBXGroup;
			children = (
				CB4515482BD50A870025AEB8 /* Button.swift */,
			);
			path = Style;
			sourceTree = "<group>";
		};
		CB4515522BD51FDF0025AEB8 /* LocalStorage */ = {
			isa = PBXGroup;
			children = (
				CB4515532BD51FF40025AEB8 /* LocalStoreKey.swift */,
				CB2A65C72BE7E0160072027B /* LocalStorage.swift */,
			);
			path = LocalStorage;
			sourceTree = "<group>";
		};
		CB45155B2BD535C50025AEB8 /* Tabs */ = {
			isa = PBXGroup;
			children = (
				CB45155C2BD536280025AEB8 /* ContentTabView.swift */,
				CB2A65C52BE7DFDC0072027B /* ContentWrapperView.swift */,
				CB5659412C22B684006DF848 /* Home */,
				CB4515572BD535AE0025AEB8 /* ChatsScreen.swift */,
				CB4515642BD5AD9D0025AEB8 /* ChatDetailScreen.swift */,
				CB4515592BD535C10025AEB8 /* AnalyticsScreen.swift */,
				CB1F81362BD64AC9006A2908 /* MapScreen.swift */,
				CB45155E2BD549D30025AEB8 /* IncidentsListView.swift */,
				CB4515622BD549E80025AEB8 /* IncidentReportview.swift */,
			);
			path = Tabs;
			sourceTree = "<group>";
		};
		CB46353A2BFB5734003D8AB1 /* Cache */ = {
			isa = PBXGroup;
			children = (
				CB4635302BFB5734003D8AB1 /* AnyCacheable.swift */,
				CB4635312BFB5734003D8AB1 /* Cache.swift */,
				CB4635322BFB5734003D8AB1 /* Cache+subscript.swift */,
				CB4635332BFB5734003D8AB1 /* ComposableCache.swift */,
				CB4635342BFB5734003D8AB1 /* ExpiringCache.swift */,
				CB4635352BFB5734003D8AB1 /* ExpiringCache+subscript.swift */,
				CB4635362BFB5734003D8AB1 /* LRUCache.swift */,
				CB4635372BFB5734003D8AB1 /* PersistableCache.swift */,
				CB4635382BFB5734003D8AB1 /* RequiredKeysCache.swift */,
				CB4635392BFB5734003D8AB1 /* RequiredKeysCache+subscript.swift */,
			);
			path = Cache;
			sourceTree = "<group>";
		};
		CB46353C2BFB5734003D8AB1 /* Dictionary */ = {
			isa = PBXGroup;
			children = (
				CB46353B2BFB5734003D8AB1 /* Dictionary+Cacheable.swift */,
			);
			path = Dictionary;
			sourceTree = "<group>";
		};
		CB46353F2BFB5734003D8AB1 /* Errors */ = {
			isa = PBXGroup;
			children = (
				CB46353D2BFB5734003D8AB1 /* InvalidTypeError.swift */,
				CB46353E2BFB5734003D8AB1 /* MissingRequiredKeysError.swift */,
			);
			path = Errors;
			sourceTree = "<group>";
		};
		CB4635452BFB5734003D8AB1 /* Global */ = {
			isa = PBXGroup;
			children = (
				CB4635402BFB5734003D8AB1 /* Global.swift */,
				CB4635412BFB5734003D8AB1 /* Global+cache.swift */,
				CB4635422BFB5734003D8AB1 /* Global+dependencies.swift */,
				CB4635432BFB5734003D8AB1 /* Global+images.swift */,
				CB4635442BFB5734003D8AB1 /* Global+loggers.swift */,
			);
			path = Global;
			sourceTree = "<group>";
		};
		CB4635482BFB5734003D8AB1 /* JSON */ = {
			isa = PBXGroup;
			children = (
				CB4635462BFB5734003D8AB1 /* JSON.swift */,
				CB4635472BFB5734003D8AB1 /* JSON+subscript.swift */,
			);
			path = JSON;
			sourceTree = "<group>";
		};
		CB46354D2BFB5734003D8AB1 /* PropertyWrappers */ = {
			isa = PBXGroup;
			children = (
				CB4635492BFB5734003D8AB1 /* Cached.swift */,
				CB46354A2BFB5734003D8AB1 /* Logging.swift */,
				CB46354B2BFB5734003D8AB1 /* OptionallyCached.swift */,
				CB46354C2BFB5734003D8AB1 /* Resolved.swift */,
			);
			path = PropertyWrappers;
			sourceTree = "<group>";
		};
		CB4635502BFB5734003D8AB1 /* Cache */ = {
			isa = PBXGroup;
			children = (
				CB46353A2BFB5734003D8AB1 /* Cache */,
				CB46353C2BFB5734003D8AB1 /* Dictionary */,
				CB46353F2BFB5734003D8AB1 /* Errors */,
				CB4635452BFB5734003D8AB1 /* Global */,
				CB4635482BFB5734003D8AB1 /* JSON */,
				CB46354D2BFB5734003D8AB1 /* PropertyWrappers */,
				CB46354E2BFB5734003D8AB1 /* Cacheable.swift */,
				CB46354F2BFB5734003D8AB1 /* CacheInitializable.swift */,
			);
			path = Cache;
			sourceTree = "<group>";
		};
		CB5659412C22B684006DF848 /* Home */ = {
			isa = PBXGroup;
			children = (
				CB4515502BD51AE30025AEB8 /* HomeScreen.swift */,
				CB5659422C22B698006DF848 /* KBProfileView.swift */,
			);
			path = Home;
			sourceTree = "<group>";
		};
		CB71A2B22BD4507C008AD154 = {
			isa = PBXGroup;
			children = (
				CB71A2BD2BD4507C008AD154 /* KahuziBiega */,
				CB71A2D12BD4507F008AD154 /* KahuziBiegaTests */,
				CB71A2DB2BD4507F008AD154 /* KahuziBiegaUITests */,
				CB71A2BC2BD4507C008AD154 /* Products */,
				CB3141AC2BFA7759006FAEB2 /* Frameworks */,
			);
			sourceTree = "<group>";
		};
		CB71A2BC2BD4507C008AD154 /* Products */ = {
			isa = PBXGroup;
			children = (
				CB71A2BB2BD4507C008AD154 /* KahuziBiega.app */,
				CB71A2CE2BD4507F008AD154 /* KahuziBiegaTests.xctest */,
				CB71A2D82BD4507F008AD154 /* KahuziBiegaUITests.xctest */,
			);
			name = Products;
			sourceTree = "<group>";
		};
		CB71A2BD2BD4507C008AD154 /* KahuziBiega */ = {
			isa = PBXGroup;
			children = (
				CB3BEFAC2C11A605002266CA /* Info.plist */,
				CB71A2BE2BD4507C008AD154 /* KahuziBiegaApp.swift */,
				CB71A2C02BD4507C008AD154 /* ContentView.swift */,
				CB1851F82C037BDF001C00E0 /* Utils */,
				CB3141C42BFA7BDA006FAEB2 /* Storage */,
				CB41024E2BF6079000FE2D1E /* Networking */,
				CB58D5712BDF9B2C00F822A7 /* response.json */,
				CB58D5732BDF9B4500F822A7 /* LocalDecoder.swift */,
				CB1F81412BD6536D006A2908 /* Models */,
				CB1F813E2BD65337006A2908 /* Extensions */,
				CB1F81382BD64AFB006A2908 /* ViewModel */,
				CB4515522BD51FDF0025AEB8 /* LocalStorage */,
				CB4515472BD50A7D0025AEB8 /* Style */,
				CB71A2EB2BD4535D008AD154 /* Views */,
				CB71A2C42BD4507E008AD154 /* Assets.xcassets */,
				CB4635502BFB5734003D8AB1 /* Cache */,
				CBB554F12BF4B733008663A8 /* Resources */,
				CB71A2F02BD453BA008AD154 /* Colors.xcassets */,
				CB3141AA2BFA7572006FAEB2 /* GoogleService-Info.plist */,
				CB71A2C62BD4507E008AD154 /* KahuziBiega.entitlements */,
				CB71A2C72BD4507E008AD154 /* Preview Content */,
			);
			path = KahuziBiega;
			sourceTree = "<group>";
		};
		CB71A2C72BD4507E008AD154 /* Preview Content */ = {
			isa = PBXGroup;
			children = (
				CB71A2C82BD4507E008AD154 /* Preview Assets.xcassets */,
			);
			path = "Preview Content";
			sourceTree = "<group>";
		};
		CB71A2D12BD4507F008AD154 /* KahuziBiegaTests */ = {
			isa = PBXGroup;
			children = (
				CB71A2D22BD4507F008AD154 /* KahuziBiegaTests.swift */,
			);
			path = KahuziBiegaTests;
			sourceTree = "<group>";
		};
		CB71A2DB2BD4507F008AD154 /* KahuziBiegaUITests */ = {
			isa = PBXGroup;
			children = (
				CB71A2DC2BD4507F008AD154 /* KahuziBiegaUITests.swift */,
				CB71A2DE2BD4507F008AD154 /* KahuziBiegaUITestsLaunchTests.swift */,
			);
			path = KahuziBiegaUITests;
			sourceTree = "<group>";
		};
		CB71A2EB2BD4535D008AD154 /* Views */ = {
			isa = PBXGroup;
			children = (
				CB3BEFB02C11C1D9002266CA /* SOS */,
				CB1852042C037D03001C00E0 /* MainMessages */,
				CBB554E22BF24871008663A8 /* Admin */,
				CB1F813B2BD64BEF006A2908 /* Custom */,
				CB71A2EE2BD45376008AD154 /* SignUpScreen.swift */,
				CB45154C2BD5125A0025AEB8 /* SignInScreen.swift */,
				CB2A65BF2BE7C7F10072027B /* WaitingApprovalView.swift */,
				CB45154A2BD511A20025AEB8 /* SplashScreen.swift */,
				CB46356D2BFB6A63003D8AB1 /* RecentReportRowView.swift */,
				CB45155B2BD535C50025AEB8 /* Tabs */,
				CB45154E2BD519090025AEB8 /* TodoList.swift */,
				CBB554F52BF4C678008663A8 /* Incidents */,
			);
			path = Views;
			sourceTree = "<group>";
		};
		CBB554E22BF24871008663A8 /* Admin */ = {
			isa = PBXGroup;
			children = (
				CB2A65BB2BE7C7770072027B /* AdminDashboardView.swift */,
				CBB554E52BF3545C008663A8 /* AdminDetailView.swift */,
				CBB554ED2BF39BA9008663A8 /* AdminNewUserView.swift */,
			);
			path = Admin;
			sourceTree = "<group>";
		};
		CBB554F12BF4B733008663A8 /* Resources */ = {
			isa = PBXGroup;
			children = (
				CB56592F2C21826A006DF848 /* alarm.wav */,
				CBB554F22BF4B755008663A8 /* incidents.json */,
			);
			path = Resources;
			sourceTree = "<group>";
		};
		CBB554F52BF4C678008663A8 /* Incidents */ = {
			isa = PBXGroup;
			children = (
				CBB554F62BF4C67E008663A8 /* IncidentCreationView.swift */,
				CBB554F82BF4C691008663A8 /* IncidentDetailView.swift */,
			);
			path = Incidents;
			sourceTree = "<group>";
		};
/* End PBXGroup section */

/* Begin PBXNativeTarget section */
		CB71A2BA2BD4507C008AD154 /* KahuziBiega */ = {
			isa = PBXNativeTarget;
			buildConfigurationList = CB71A2E22BD4507F008AD154 /* Build configuration list for PBXNativeTarget "KahuziBiega" */;
			buildPhases = (
				CB71A2B72BD4507C008AD154 /* Sources */,
				CB71A2B82BD4507C008AD154 /* Frameworks */,
				CB71A2B92BD4507C008AD154 /* Resources */,
			);
			buildRules = (
			);
			dependencies = (
			);
			name = KahuziBiega;
			packageProductDependencies = (
				CB3141B82BFA7AA4006FAEB2 /* FirebaseDatabase */,
				CB3141BA2BFA7AA4006FAEB2 /* FirebaseFirestore */,
				CB3141BC2BFA7AA4006FAEB2 /* FirebaseFunctions */,
				CB3141BE2BFA7AA4006FAEB2 /* FirebaseMessaging */,
				CB3141C02BFA7AA4006FAEB2 /* FirebaseRemoteConfig */,
				CB3141C22BFA7AA4006FAEB2 /* FirebaseStorage */,
				CB3141C82BFA8B47006FAEB2 /* SDWebImageSwiftUI */,
				CB1851EF2C02279B001C00E0 /* FirebaseAuth */,
				CB623AEB2C05209400AA3CA7 /* PusherSwift */,
				CB3BEFAE2C11A6DF002266CA /* PushNotifications */,
				CB56593A2C21A7C1006DF848 /* CryptoSwift */,
				CB56593D2C21BD0E006DF848 /* Pusher */,
			);
			productName = KahuziBiega;
			productReference = CB71A2BB2BD4507C008AD154 /* KahuziBiega.app */;
			productType = "com.apple.product-type.application";
		};
		CB71A2CD2BD4507F008AD154 /* KahuziBiegaTests */ = {
			isa = PBXNativeTarget;
			buildConfigurationList = CB71A2E52BD4507F008AD154 /* Build configuration list for PBXNativeTarget "KahuziBiegaTests" */;
			buildPhases = (
				CB71A2CA2BD4507F008AD154 /* Sources */,
				CB71A2CB2BD4507F008AD154 /* Frameworks */,
				CB71A2CC2BD4507F008AD154 /* Resources */,
			);
			buildRules = (
			);
			dependencies = (
				CB71A2D02BD4507F008AD154 /* PBXTargetDependency */,
			);
			name = KahuziBiegaTests;
			productName = KahuziBiegaTests;
			productReference = CB71A2CE2BD4507F008AD154 /* KahuziBiegaTests.xctest */;
			productType = "com.apple.product-type.bundle.unit-test";
		};
		CB71A2D72BD4507F008AD154 /* KahuziBiegaUITests */ = {
			isa = PBXNativeTarget;
			buildConfigurationList = CB71A2E82BD4507F008AD154 /* Build configuration list for PBXNativeTarget "KahuziBiegaUITests" */;
			buildPhases = (
				CB71A2D42BD4507F008AD154 /* Sources */,
				CB71A2D52BD4507F008AD154 /* Frameworks */,
				CB71A2D62BD4507F008AD154 /* Resources */,
			);
			buildRules = (
			);
			dependencies = (
				CB71A2DA2BD4507F008AD154 /* PBXTargetDependency */,
			);
			name = KahuziBiegaUITests;
			productName = KahuziBiegaUITests;
			productReference = CB71A2D82BD4507F008AD154 /* KahuziBiegaUITests.xctest */;
			productType = "com.apple.product-type.bundle.ui-testing";
		};
/* End PBXNativeTarget section */

/* Begin PBXProject section */
		CB71A2B32BD4507C008AD154 /* Project object */ = {
			isa = PBXProject;
			attributes = {
				BuildIndependentTargetsInParallel = 1;
				LastSwiftUpdateCheck = 1500;
				LastUpgradeCheck = 1500;
				TargetAttributes = {
					CB71A2BA2BD4507C008AD154 = {
						CreatedOnToolsVersion = 15.0.1;
					};
					CB71A2CD2BD4507F008AD154 = {
						CreatedOnToolsVersion = 15.0.1;
						TestTargetID = CB71A2BA2BD4507C008AD154;
					};
					CB71A2D72BD4507F008AD154 = {
						CreatedOnToolsVersion = 15.0.1;
						TestTargetID = CB71A2BA2BD4507C008AD154;
					};
				};
			};
			buildConfigurationList = CB71A2B62BD4507C008AD154 /* Build configuration list for PBXProject "KahuziBiega" */;
			compatibilityVersion = "Xcode 14.0";
			developmentRegion = en;
			hasScannedForEncodings = 0;
			knownRegions = (
				en,
				Base,
			);
			mainGroup = CB71A2B22BD4507C008AD154;
			packageReferences = (
				CB3141B72BFA7AA4006FAEB2 /* XCRemoteSwiftPackageReference "firebase-ios-sdk" */,
				CB3141C72BFA8B47006FAEB2 /* XCRemoteSwiftPackageReference "SDWebImageSwiftUI" */,
				CB623AEA2C05209400AA3CA7 /* XCRemoteSwiftPackageReference "pusher-websocket-swift" */,
				CB3BEFAD2C11A6DF002266CA /* XCRemoteSwiftPackageReference "push-notifications-swift" */,
				CB5659392C21A7C1006DF848 /* XCRemoteSwiftPackageReference "CryptoSwift" */,
				CB56593C2C21BD0E006DF848 /* XCRemoteSwiftPackageReference "pusher-http-swift" */,
			);
			productRefGroup = CB71A2BC2BD4507C008AD154 /* Products */;
			projectDirPath = "";
			projectRoot = "";
			targets = (
				CB71A2BA2BD4507C008AD154 /* KahuziBiega */,
				CB71A2CD2BD4507F008AD154 /* KahuziBiegaTests */,
				CB71A2D72BD4507F008AD154 /* KahuziBiegaUITests */,
			);
		};
/* End PBXProject section */

/* Begin PBXResourcesBuildPhase section */
		CB71A2B92BD4507C008AD154 /* Resources */ = {
			isa = PBXResourcesBuildPhase;
			buildActionMask = 2147483647;
			files = (
				CB58D5722BDF9B2C00F822A7 /* response.json in Resources */,
				CB71A2F12BD453BA008AD154 /* Colors.xcassets in Resources */,
				CB71A2C92BD4507E008AD154 /* Preview Assets.xcassets in Resources */,
				CB71A2C52BD4507E008AD154 /* Assets.xcassets in Resources */,
				CBB554F32BF4B755008663A8 /* incidents.json in Resources */,
				CB3141AB2BFA7572006FAEB2 /* GoogleService-Info.plist in Resources */,
				CB5659302C21826A006DF848 /* alarm.wav in Resources */,
			);
			runOnlyForDeploymentPostprocessing = 0;
		};
		CB71A2CC2BD4507F008AD154 /* Resources */ = {
			isa = PBXResourcesBuildPhase;
			buildActionMask = 2147483647;
			files = (
			);
			runOnlyForDeploymentPostprocessing = 0;
		};
		CB71A2D62BD4507F008AD154 /* Resources */ = {
			isa = PBXResourcesBuildPhase;
			buildActionMask = 2147483647;
			files = (
			);
			runOnlyForDeploymentPostprocessing = 0;
		};
/* End PBXResourcesBuildPhase section */

/* Begin PBXSourcesBuildPhase section */
		CB71A2B72BD4507C008AD154 /* Sources */ = {
			isa = PBXSourcesBuildPhase;
			buildActionMask = 2147483647;
			files = (
				CB4635522BFB5735003D8AB1 /* Cache.swift in Sources */,
				CB46355D2BFB5735003D8AB1 /* MissingRequiredKeysError.swift in Sources */,
				CB2A65BA2BE7BC2A0072027B /* AuthenticationStore.swift in Sources */,
				CB1F81372BD64AC9006A2908 /* MapScreen.swift in Sources */,
				CB4635572BFB5735003D8AB1 /* LRUCache.swift in Sources */,
				CB1F81402BD65340006A2908 /* ViewExtensions.swift in Sources */,
				CBB554F92BF4C691008663A8 /* IncidentDetailView.swift in Sources */,
				CB4102562BF608CB00FE2D1E /* NotificationExtensions.swift in Sources */,
				CB4635582BFB5735003D8AB1 /* PersistableCache.swift in Sources */,
				CB2A65C02BE7C7F10072027B /* WaitingApprovalView.swift in Sources */,
				CB3141C62BFA7BF5006FAEB2 /* KBFBStorage.swift in Sources */,
				CB2A65C62BE7DFDC0072027B /* ContentWrapperView.swift in Sources */,
				CB18520F2C048806001C00E0 /* MessagesViewModel.swift in Sources */,
				CB45154B2BD511A20025AEB8 /* SplashScreen.swift in Sources */,
				CB46355B2BFB5735003D8AB1 /* Dictionary+Cacheable.swift in Sources */,
				CB58D5702BDEFC5C00F822A7 /* NetworkClient.swift in Sources */,
				CBB554EE2BF39BA9008663A8 /* AdminNewUserView.swift in Sources */,
				CB4635612BFB5735003D8AB1 /* Global+images.swift in Sources */,
				CB4635682BFB5735003D8AB1 /* Resolved.swift in Sources */,
				CB5659432C22B699006DF848 /* KBProfileView.swift in Sources */,
				CB4515492BD50A870025AEB8 /* Button.swift in Sources */,
				CBB554F72BF4C67E008663A8 /* IncidentCreationView.swift in Sources */,
				CB4635562BFB5735003D8AB1 /* ExpiringCache+subscript.swift in Sources */,
				CB1F813A2BD64B04006A2908 /* LocationViewModel.swift in Sources */,
				CB71A2C12BD4507C008AD154 /* ContentView.swift in Sources */,
				CB1852132C048938001C00E0 /* NewMessageViewModel.swift in Sources */,
				CB4515542BD51FF40025AEB8 /* LocalStoreKey.swift in Sources */,
				CB1851FC2C037BF2001C00E0 /* KBFBManager.swift in Sources */,
				CB4635532BFB5735003D8AB1 /* Cache+subscript.swift in Sources */,
				CB4635602BFB5735003D8AB1 /* Global+dependencies.swift in Sources */,
				CB1852112C0488FD001C00E0 /* NewMessageSelectionView.swift in Sources */,
				CB4635692BFB5735003D8AB1 /* Cacheable.swift in Sources */,
				CB4635662BFB5735003D8AB1 /* Logging.swift in Sources */,
				CB46356E2BFB6A63003D8AB1 /* RecentReportRowView.swift in Sources */,
				CB46356C2BFB5BCD003D8AB1 /* KBImage.swift in Sources */,
				CBB554F02BF39C06008663A8 /* KBField.swift in Sources */,
				CB4635552BFB5735003D8AB1 /* ExpiringCache.swift in Sources */,
				CB4635672BFB5735003D8AB1 /* OptionallyCached.swift in Sources */,
				CB3BEFB22C11C1E3002266CA /* SOSAlertView.swift in Sources */,
				CB1851F52C02281F001C00E0 /* KBChatMessage.swift in Sources */,
				CB4102502BF607B900FE2D1E /* Endpoint.swift in Sources */,
				CB2A65C82BE7E0160072027B /* LocalStorage.swift in Sources */,
				CB45154F2BD519090025AEB8 /* TodoList.swift in Sources */,
				CB2A65BC2BE7C7770072027B /* AdminDashboardView.swift in Sources */,
				CB46356A2BFB5735003D8AB1 /* CacheInitializable.swift in Sources */,
				CB4635592BFB5735003D8AB1 /* RequiredKeysCache.swift in Sources */,
				CB45155A2BD535C10025AEB8 /* AnalyticsScreen.swift in Sources */,
				CB45154D2BD5125A0025AEB8 /* SignInScreen.swift in Sources */,
				CB623AEE2C0520B500AA3CA7 /* KBPusherManager.swift in Sources */,
				CB1F813D2BD64BF8006A2908 /* LocationAnnotationView.swift in Sources */,
				CB2A65C42BE7DC5B0072027B /* AuthRoute.swift in Sources */,
				CB4515582BD535AE0025AEB8 /* ChatsScreen.swift in Sources */,
				CB623AE92C04DFB600AA3CA7 /* ChatLogViewModel.swift in Sources */,
				CB1851F72C022839001C00E0 /* KBRecentMessage.swift in Sources */,
				CB58D56E2BDEDB5600F822A7 /* KBIncident.swift in Sources */,
				CB4102542BF608B200FE2D1E /* APIError.swift in Sources */,
				CB4515512BD51AE30025AEB8 /* HomeScreen.swift in Sources */,
				CB58D5742BDF9B4500F822A7 /* LocalDecoder.swift in Sources */,
				CB4102522BF607C000FE2D1E /* HTTPMethod.swift in Sources */,
				CB46355F2BFB5735003D8AB1 /* Global+cache.swift in Sources */,
				CB45155D2BD536280025AEB8 /* ContentTabView.swift in Sources */,
				CB45155F2BD549D30025AEB8 /* IncidentsListView.swift in Sources */,
				CB4515652BD5AD9D0025AEB8 /* ChatDetailScreen.swift in Sources */,
				CB46355E2BFB5735003D8AB1 /* Global.swift in Sources */,
				CB4635512BFB5735003D8AB1 /* AnyCacheable.swift in Sources */,
				CB46355C2BFB5735003D8AB1 /* InvalidTypeError.swift in Sources */,
				CB46355A2BFB5735003D8AB1 /* RequiredKeysCache+subscript.swift in Sources */,
				CB4635642BFB5735003D8AB1 /* JSON+subscript.swift in Sources */,
				CB58D56C2BDE663500F822A7 /* KBUser.swift in Sources */,
				CB4635652BFB5735003D8AB1 /* Cached.swift in Sources */,
				CB4515632BD549E80025AEB8 /* IncidentReportview.swift in Sources */,
				CB1851FE2C037CBA001C00E0 /* FirebaseConstants.swift in Sources */,
				CB71A2C32BD4507C008AD154 /* Item.swift in Sources */,
				CB4635542BFB5735003D8AB1 /* ComposableCache.swift in Sources */,
				CBB554E62BF3545C008663A8 /* AdminDetailView.swift in Sources */,
				CB4635622BFB5735003D8AB1 /* Global+loggers.swift in Sources */,
				CB4635632BFB5735003D8AB1 /* JSON.swift in Sources */,
				CBB554E82BF35499008663A8 /* UserStore.swift in Sources */,
				CB71A2BF2BD4507C008AD154 /* KahuziBiegaApp.swift in Sources */,
				CB71A2EF2BD45376008AD154 /* SignUpScreen.swift in Sources */,
				CB5659402C21BD4F006DF848 /* KBPusherClient.swift in Sources */,
				CB4102582BF608DE00FE2D1E /* KBDecoder.swift in Sources */,
				CB2A65CE2BE7E2300072027B /* IncidentsStore.swift in Sources */,
				CB1851F22C0227FC001C00E0 /* KBChatUser.swift in Sources */,
			);
			runOnlyForDeploymentPostprocessing = 0;
		};
		CB71A2CA2BD4507F008AD154 /* Sources */ = {
			isa = PBXSourcesBuildPhase;
			buildActionMask = 2147483647;
			files = (
				CB71A2D32BD4507F008AD154 /* KahuziBiegaTests.swift in Sources */,
			);
			runOnlyForDeploymentPostprocessing = 0;
		};
		CB71A2D42BD4507F008AD154 /* Sources */ = {
			isa = PBXSourcesBuildPhase;
			buildActionMask = 2147483647;
			files = (
				CB71A2DD2BD4507F008AD154 /* KahuziBiegaUITests.swift in Sources */,
				CB71A2DF2BD4507F008AD154 /* KahuziBiegaUITestsLaunchTests.swift in Sources */,
			);
			runOnlyForDeploymentPostprocessing = 0;
		};
/* End PBXSourcesBuildPhase section */

/* Begin PBXTargetDependency section */
		CB71A2D02BD4507F008AD154 /* PBXTargetDependency */ = {
			isa = PBXTargetDependency;
			target = CB71A2BA2BD4507C008AD154 /* KahuziBiega */;
			targetProxy = CB71A2CF2BD4507F008AD154 /* PBXContainerItemProxy */;
		};
		CB71A2DA2BD4507F008AD154 /* PBXTargetDependency */ = {
			isa = PBXTargetDependency;
			target = CB71A2BA2BD4507C008AD154 /* KahuziBiega */;
			targetProxy = CB71A2D92BD4507F008AD154 /* PBXContainerItemProxy */;
		};
/* End PBXTargetDependency section */

/* Begin XCBuildConfiguration section */
		CB71A2E02BD4507F008AD154 /* Debug */ = {
			isa = XCBuildConfiguration;
			buildSettings = {
				ALWAYS_SEARCH_USER_PATHS = NO;
				ASSETCATALOG_COMPILER_GENERATE_SWIFT_ASSET_SYMBOL_EXTENSIONS = YES;
				CLANG_ANALYZER_NONNULL = YES;
				CLANG_ANALYZER_NUMBER_OBJECT_CONVERSION = YES_AGGRESSIVE;
				CLANG_CXX_LANGUAGE_STANDARD = "gnu++20";
				CLANG_ENABLE_MODULES = YES;
				CLANG_ENABLE_OBJC_ARC = YES;
				CLANG_ENABLE_OBJC_WEAK = YES;
				CLANG_WARN_BLOCK_CAPTURE_AUTORELEASING = YES;
				CLANG_WARN_BOOL_CONVERSION = YES;
				CLANG_WARN_COMMA = YES;
				CLANG_WARN_CONSTANT_CONVERSION = YES;
				CLANG_WARN_DEPRECATED_OBJC_IMPLEMENTATIONS = YES;
				CLANG_WARN_DIRECT_OBJC_ISA_USAGE = YES_ERROR;
				CLANG_WARN_DOCUMENTATION_COMMENTS = YES;
				CLANG_WARN_EMPTY_BODY = YES;
				CLANG_WARN_ENUM_CONVERSION = YES;
				CLANG_WARN_INFINITE_RECURSION = YES;
				CLANG_WARN_INT_CONVERSION = YES;
				CLANG_WARN_NON_LITERAL_NULL_CONVERSION = YES;
				CLANG_WARN_OBJC_IMPLICIT_RETAIN_SELF = YES;
				CLANG_WARN_OBJC_LITERAL_CONVERSION = YES;
				CLANG_WARN_OBJC_ROOT_CLASS = YES_ERROR;
				CLANG_WARN_QUOTED_INCLUDE_IN_FRAMEWORK_HEADER = YES;
				CLANG_WARN_RANGE_LOOP_ANALYSIS = YES;
				CLANG_WARN_STRICT_PROTOTYPES = YES;
				CLANG_WARN_SUSPICIOUS_MOVE = YES;
				CLANG_WARN_UNGUARDED_AVAILABILITY = YES_AGGRESSIVE;
				CLANG_WARN_UNREACHABLE_CODE = YES;
				CLANG_WARN__DUPLICATE_METHOD_MATCH = YES;
				COPY_PHASE_STRIP = NO;
				DEBUG_INFORMATION_FORMAT = dwarf;
				ENABLE_STRICT_OBJC_MSGSEND = YES;
				ENABLE_TESTABILITY = YES;
				ENABLE_USER_SCRIPT_SANDBOXING = YES;
				GCC_C_LANGUAGE_STANDARD = gnu17;
				GCC_DYNAMIC_NO_PIC = NO;
				GCC_NO_COMMON_BLOCKS = YES;
				GCC_OPTIMIZATION_LEVEL = 0;
				GCC_PREPROCESSOR_DEFINITIONS = (
					"DEBUG=1",
					"$(inherited)",
				);
				GCC_WARN_64_TO_32_BIT_CONVERSION = YES;
				GCC_WARN_ABOUT_RETURN_TYPE = YES_ERROR;
				GCC_WARN_UNDECLARED_SELECTOR = YES;
				GCC_WARN_UNINITIALIZED_AUTOS = YES_AGGRESSIVE;
				GCC_WARN_UNUSED_FUNCTION = YES;
				GCC_WARN_UNUSED_VARIABLE = YES;
				LOCALIZATION_PREFERS_STRING_CATALOGS = YES;
				MTL_ENABLE_DEBUG_INFO = INCLUDE_SOURCE;
				MTL_FAST_MATH = YES;
				ONLY_ACTIVE_ARCH = YES;
				SWIFT_ACTIVE_COMPILATION_CONDITIONS = "DEBUG $(inherited)";
				SWIFT_OPTIMIZATION_LEVEL = "-Onone";
			};
			name = Debug;
		};
		CB71A2E12BD4507F008AD154 /* Release */ = {
			isa = XCBuildConfiguration;
			buildSettings = {
				ALWAYS_SEARCH_USER_PATHS = NO;
				ASSETCATALOG_COMPILER_GENERATE_SWIFT_ASSET_SYMBOL_EXTENSIONS = YES;
				CLANG_ANALYZER_NONNULL = YES;
				CLANG_ANALYZER_NUMBER_OBJECT_CONVERSION = YES_AGGRESSIVE;
				CLANG_CXX_LANGUAGE_STANDARD = "gnu++20";
				CLANG_ENABLE_MODULES = YES;
				CLANG_ENABLE_OBJC_ARC = YES;
				CLANG_ENABLE_OBJC_WEAK = YES;
				CLANG_WARN_BLOCK_CAPTURE_AUTORELEASING = YES;
				CLANG_WARN_BOOL_CONVERSION = YES;
				CLANG_WARN_COMMA = YES;
				CLANG_WARN_CONSTANT_CONVERSION = YES;
				CLANG_WARN_DEPRECATED_OBJC_IMPLEMENTATIONS = YES;
				CLANG_WARN_DIRECT_OBJC_ISA_USAGE = YES_ERROR;
				CLANG_WARN_DOCUMENTATION_COMMENTS = YES;
				CLANG_WARN_EMPTY_BODY = YES;
				CLANG_WARN_ENUM_CONVERSION = YES;
				CLANG_WARN_INFINITE_RECURSION = YES;
				CLANG_WARN_INT_CONVERSION = YES;
				CLANG_WARN_NON_LITERAL_NULL_CONVERSION = YES;
				CLANG_WARN_OBJC_IMPLICIT_RETAIN_SELF = YES;
				CLANG_WARN_OBJC_LITERAL_CONVERSION = YES;
				CLANG_WARN_OBJC_ROOT_CLASS = YES_ERROR;
				CLANG_WARN_QUOTED_INCLUDE_IN_FRAMEWORK_HEADER = YES;
				CLANG_WARN_RANGE_LOOP_ANALYSIS = YES;
				CLANG_WARN_STRICT_PROTOTYPES = YES;
				CLANG_WARN_SUSPICIOUS_MOVE = YES;
				CLANG_WARN_UNGUARDED_AVAILABILITY = YES_AGGRESSIVE;
				CLANG_WARN_UNREACHABLE_CODE = YES;
				CLANG_WARN__DUPLICATE_METHOD_MATCH = YES;
				COPY_PHASE_STRIP = NO;
				DEBUG_INFORMATION_FORMAT = "dwarf-with-dsym";
				ENABLE_NS_ASSERTIONS = NO;
				ENABLE_STRICT_OBJC_MSGSEND = YES;
				ENABLE_USER_SCRIPT_SANDBOXING = YES;
				GCC_C_LANGUAGE_STANDARD = gnu17;
				GCC_NO_COMMON_BLOCKS = YES;
				GCC_WARN_64_TO_32_BIT_CONVERSION = YES;
				GCC_WARN_ABOUT_RETURN_TYPE = YES_ERROR;
				GCC_WARN_UNDECLARED_SELECTOR = YES;
				GCC_WARN_UNINITIALIZED_AUTOS = YES_AGGRESSIVE;
				GCC_WARN_UNUSED_FUNCTION = YES;
				GCC_WARN_UNUSED_VARIABLE = YES;
				LOCALIZATION_PREFERS_STRING_CATALOGS = YES;
				MTL_ENABLE_DEBUG_INFO = NO;
				MTL_FAST_MATH = YES;
				SWIFT_COMPILATION_MODE = wholemodule;
			};
			name = Release;
		};
		CB71A2E32BD4507F008AD154 /* Debug */ = {
			isa = XCBuildConfiguration;
			buildSettings = {
				ASSETCATALOG_COMPILER_APPICON_NAME = AppIcon;
				ASSETCATALOG_COMPILER_GLOBAL_ACCENT_COLOR_NAME = AccentColor;
				CODE_SIGN_ENTITLEMENTS = KahuziBiega/KahuziBiega.entitlements;
				CODE_SIGN_STYLE = Automatic;
				CURRENT_PROJECT_VERSION = 1;
				DEVELOPMENT_ASSET_PATHS = "\"KahuziBiega/Preview Content\"";
				DEVELOPMENT_TEAM = 6V9B6LUW22;
				ENABLE_HARDENED_RUNTIME = YES;
				ENABLE_PREVIEWS = YES;
				GENERATE_INFOPLIST_FILE = YES;
				INFOPLIST_FILE = KahuziBiega/Info.plist;
				INFOPLIST_KEY_CFBundleDisplayName = KBNP;
				"INFOPLIST_KEY_UIApplicationSceneManifest_Generation[sdk=iphoneos*]" = YES;
				"INFOPLIST_KEY_UIApplicationSceneManifest_Generation[sdk=iphonesimulator*]" = YES;
				"INFOPLIST_KEY_UIApplicationSupportsIndirectInputEvents[sdk=iphoneos*]" = YES;
				"INFOPLIST_KEY_UIApplicationSupportsIndirectInputEvents[sdk=iphonesimulator*]" = YES;
				"INFOPLIST_KEY_UILaunchScreen_Generation[sdk=iphoneos*]" = YES;
				"INFOPLIST_KEY_UILaunchScreen_Generation[sdk=iphonesimulator*]" = YES;
				"INFOPLIST_KEY_UIStatusBarStyle[sdk=iphoneos*]" = UIStatusBarStyleDefault;
				"INFOPLIST_KEY_UIStatusBarStyle[sdk=iphonesimulator*]" = UIStatusBarStyleDefault;
				INFOPLIST_KEY_UISupportedInterfaceOrientations_iPad = "UIInterfaceOrientationPortrait UIInterfaceOrientationPortraitUpsideDown UIInterfaceOrientationLandscapeLeft UIInterfaceOrientationLandscapeRight";
				INFOPLIST_KEY_UISupportedInterfaceOrientations_iPhone = "UIInterfaceOrientationPortrait UIInterfaceOrientationLandscapeLeft UIInterfaceOrientationLandscapeRight";
				IPHONEOS_DEPLOYMENT_TARGET = 17.0;
				LD_RUNPATH_SEARCH_PATHS = "@executable_path/Frameworks";
				"LD_RUNPATH_SEARCH_PATHS[sdk=macosx*]" = "@executable_path/../Frameworks";
				MACOSX_DEPLOYMENT_TARGET = 14.0;
				MARKETING_VERSION = 1.0;
				PRODUCT_BUNDLE_IDENTIFIER = com.abcincs.kahuzibiega.KahuziBiega;
				PRODUCT_NAME = "$(TARGET_NAME)";
				SDKROOT = auto;
				SUPPORTED_PLATFORMS = "iphoneos iphonesimulator";
				SUPPORTS_MACCATALYST = NO;
				SWIFT_EMIT_LOC_STRINGS = YES;
				SWIFT_VERSION = 5.0;
				TARGETED_DEVICE_FAMILY = 1;
			};
			name = Debug;
		};
		CB71A2E42BD4507F008AD154 /* Release */ = {
			isa = XCBuildConfiguration;
			buildSettings = {
				ASSETCATALOG_COMPILER_APPICON_NAME = AppIcon;
				ASSETCATALOG_COMPILER_GLOBAL_ACCENT_COLOR_NAME = AccentColor;
				CODE_SIGN_ENTITLEMENTS = KahuziBiega/KahuziBiega.entitlements;
				CODE_SIGN_STYLE = Automatic;
				CURRENT_PROJECT_VERSION = 1;
				DEVELOPMENT_ASSET_PATHS = "\"KahuziBiega/Preview Content\"";
				DEVELOPMENT_TEAM = 6V9B6LUW22;
				ENABLE_HARDENED_RUNTIME = YES;
				ENABLE_PREVIEWS = YES;
				GENERATE_INFOPLIST_FILE = YES;
				INFOPLIST_FILE = KahuziBiega/Info.plist;
				INFOPLIST_KEY_CFBundleDisplayName = KBNP;
				"INFOPLIST_KEY_UIApplicationSceneManifest_Generation[sdk=iphoneos*]" = YES;
				"INFOPLIST_KEY_UIApplicationSceneManifest_Generation[sdk=iphonesimulator*]" = YES;
				"INFOPLIST_KEY_UIApplicationSupportsIndirectInputEvents[sdk=iphoneos*]" = YES;
				"INFOPLIST_KEY_UIApplicationSupportsIndirectInputEvents[sdk=iphonesimulator*]" = YES;
				"INFOPLIST_KEY_UILaunchScreen_Generation[sdk=iphoneos*]" = YES;
				"INFOPLIST_KEY_UILaunchScreen_Generation[sdk=iphonesimulator*]" = YES;
				"INFOPLIST_KEY_UIStatusBarStyle[sdk=iphoneos*]" = UIStatusBarStyleDefault;
				"INFOPLIST_KEY_UIStatusBarStyle[sdk=iphonesimulator*]" = UIStatusBarStyleDefault;
				INFOPLIST_KEY_UISupportedInterfaceOrientations_iPad = "UIInterfaceOrientationPortrait UIInterfaceOrientationPortraitUpsideDown UIInterfaceOrientationLandscapeLeft UIInterfaceOrientationLandscapeRight";
				INFOPLIST_KEY_UISupportedInterfaceOrientations_iPhone = "UIInterfaceOrientationPortrait UIInterfaceOrientationLandscapeLeft UIInterfaceOrientationLandscapeRight";
				IPHONEOS_DEPLOYMENT_TARGET = 17.0;
				LD_RUNPATH_SEARCH_PATHS = "@executable_path/Frameworks";
				"LD_RUNPATH_SEARCH_PATHS[sdk=macosx*]" = "@executable_path/../Frameworks";
				MACOSX_DEPLOYMENT_TARGET = 14.0;
				MARKETING_VERSION = 1.0;
				PRODUCT_BUNDLE_IDENTIFIER = com.abcincs.kahuzibiega.KahuziBiega;
				PRODUCT_NAME = "$(TARGET_NAME)";
				SDKROOT = auto;
				SUPPORTED_PLATFORMS = "iphoneos iphonesimulator";
				SUPPORTS_MACCATALYST = NO;
				SWIFT_EMIT_LOC_STRINGS = YES;
				SWIFT_VERSION = 5.0;
				TARGETED_DEVICE_FAMILY = 1;
			};
			name = Release;
		};
		CB71A2E62BD4507F008AD154 /* Debug */ = {
			isa = XCBuildConfiguration;
			buildSettings = {
				ALWAYS_EMBED_SWIFT_STANDARD_LIBRARIES = YES;
				BUNDLE_LOADER = "$(TEST_HOST)";
				CODE_SIGN_STYLE = Automatic;
				CURRENT_PROJECT_VERSION = 1;
				DEVELOPMENT_TEAM = 6V9B6LUW22;
				GENERATE_INFOPLIST_FILE = YES;
				IPHONEOS_DEPLOYMENT_TARGET = 17.0;
				MACOSX_DEPLOYMENT_TARGET = 14.0;
				MARKETING_VERSION = 1.0;
				PRODUCT_BUNDLE_IDENTIFIER = com.abcincs.kahuzibiega.KahuziBiegaTests;
				PRODUCT_NAME = "$(TARGET_NAME)";
				SDKROOT = auto;
				SUPPORTED_PLATFORMS = "iphoneos iphonesimulator macosx";
				SWIFT_EMIT_LOC_STRINGS = NO;
				SWIFT_VERSION = 5.0;
				TARGETED_DEVICE_FAMILY = "1,2";
				TEST_HOST = "$(BUILT_PRODUCTS_DIR)/KahuziBiega.app/$(BUNDLE_EXECUTABLE_FOLDER_PATH)/KahuziBiega";
			};
			name = Debug;
		};
		CB71A2E72BD4507F008AD154 /* Release */ = {
			isa = XCBuildConfiguration;
			buildSettings = {
				ALWAYS_EMBED_SWIFT_STANDARD_LIBRARIES = YES;
				BUNDLE_LOADER = "$(TEST_HOST)";
				CODE_SIGN_STYLE = Automatic;
				CURRENT_PROJECT_VERSION = 1;
				DEVELOPMENT_TEAM = 6V9B6LUW22;
				GENERATE_INFOPLIST_FILE = YES;
				IPHONEOS_DEPLOYMENT_TARGET = 17.0;
				MACOSX_DEPLOYMENT_TARGET = 14.0;
				MARKETING_VERSION = 1.0;
				PRODUCT_BUNDLE_IDENTIFIER = com.abcincs.kahuzibiega.KahuziBiegaTests;
				PRODUCT_NAME = "$(TARGET_NAME)";
				SDKROOT = auto;
				SUPPORTED_PLATFORMS = "iphoneos iphonesimulator macosx";
				SWIFT_EMIT_LOC_STRINGS = NO;
				SWIFT_VERSION = 5.0;
				TARGETED_DEVICE_FAMILY = "1,2";
				TEST_HOST = "$(BUILT_PRODUCTS_DIR)/KahuziBiega.app/$(BUNDLE_EXECUTABLE_FOLDER_PATH)/KahuziBiega";
			};
			name = Release;
		};
		CB71A2E92BD4507F008AD154 /* Debug */ = {
			isa = XCBuildConfiguration;
			buildSettings = {
				ALWAYS_EMBED_SWIFT_STANDARD_LIBRARIES = YES;
				CODE_SIGN_STYLE = Automatic;
				CURRENT_PROJECT_VERSION = 1;
				DEVELOPMENT_TEAM = 6V9B6LUW22;
				GENERATE_INFOPLIST_FILE = YES;
				IPHONEOS_DEPLOYMENT_TARGET = 17.0;
				MACOSX_DEPLOYMENT_TARGET = 14.0;
				MARKETING_VERSION = 1.0;
				PRODUCT_BUNDLE_IDENTIFIER = com.abcincs.kahuzibiega.KahuziBiegaUITests;
				PRODUCT_NAME = "$(TARGET_NAME)";
				SDKROOT = auto;
				SUPPORTED_PLATFORMS = "iphoneos iphonesimulator macosx";
				SWIFT_EMIT_LOC_STRINGS = NO;
				SWIFT_VERSION = 5.0;
				TARGETED_DEVICE_FAMILY = "1,2";
				TEST_TARGET_NAME = KahuziBiega;
			};
			name = Debug;
		};
		CB71A2EA2BD4507F008AD154 /* Release */ = {
			isa = XCBuildConfiguration;
			buildSettings = {
				ALWAYS_EMBED_SWIFT_STANDARD_LIBRARIES = YES;
				CODE_SIGN_STYLE = Automatic;
				CURRENT_PROJECT_VERSION = 1;
				DEVELOPMENT_TEAM = 6V9B6LUW22;
				GENERATE_INFOPLIST_FILE = YES;
				IPHONEOS_DEPLOYMENT_TARGET = 17.0;
				MACOSX_DEPLOYMENT_TARGET = 14.0;
				MARKETING_VERSION = 1.0;
				PRODUCT_BUNDLE_IDENTIFIER = com.abcincs.kahuzibiega.KahuziBiegaUITests;
				PRODUCT_NAME = "$(TARGET_NAME)";
				SDKROOT = auto;
				SUPPORTED_PLATFORMS = "iphoneos iphonesimulator macosx";
				SWIFT_EMIT_LOC_STRINGS = NO;
				SWIFT_VERSION = 5.0;
				TARGETED_DEVICE_FAMILY = "1,2";
				TEST_TARGET_NAME = KahuziBiega;
			};
			name = Release;
		};
/* End XCBuildConfiguration section */

/* Begin XCConfigurationList section */
		CB71A2B62BD4507C008AD154 /* Build configuration list for PBXProject "KahuziBiega" */ = {
			isa = XCConfigurationList;
			buildConfigurations = (
				CB71A2E02BD4507F008AD154 /* Debug */,
				CB71A2E12BD4507F008AD154 /* Release */,
			);
			defaultConfigurationIsVisible = 0;
			defaultConfigurationName = Release;
		};
		CB71A2E22BD4507F008AD154 /* Build configuration list for PBXNativeTarget "KahuziBiega" */ = {
			isa = XCConfigurationList;
			buildConfigurations = (
				CB71A2E32BD4507F008AD154 /* Debug */,
				CB71A2E42BD4507F008AD154 /* Release */,
			);
			defaultConfigurationIsVisible = 0;
			defaultConfigurationName = Release;
		};
		CB71A2E52BD4507F008AD154 /* Build configuration list for PBXNativeTarget "KahuziBiegaTests" */ = {
			isa = XCConfigurationList;
			buildConfigurations = (
				CB71A2E62BD4507F008AD154 /* Debug */,
				CB71A2E72BD4507F008AD154 /* Release */,
			);
			defaultConfigurationIsVisible = 0;
			defaultConfigurationName = Release;
		};
		CB71A2E82BD4507F008AD154 /* Build configuration list for PBXNativeTarget "KahuziBiegaUITests" */ = {
			isa = XCConfigurationList;
			buildConfigurations = (
				CB71A2E92BD4507F008AD154 /* Debug */,
				CB71A2EA2BD4507F008AD154 /* Release */,
			);
			defaultConfigurationIsVisible = 0;
			defaultConfigurationName = Release;
		};
/* End XCConfigurationList section */

/* Begin XCRemoteSwiftPackageReference section */
		CB3141B72BFA7AA4006FAEB2 /* XCRemoteSwiftPackageReference "firebase-ios-sdk" */ = {
			isa = XCRemoteSwiftPackageReference;
			repositoryURL = "https://github.com/firebase/firebase-ios-sdk";
			requirement = {
				kind = exactVersion;
				version = 10.25.0;
			};
		};
		CB3141C72BFA8B47006FAEB2 /* XCRemoteSwiftPackageReference "SDWebImageSwiftUI" */ = {
			isa = XCRemoteSwiftPackageReference;
			repositoryURL = "https://github.com/SDWebImage/SDWebImageSwiftUI.git";
			requirement = {
				kind = upToNextMajorVersion;
				minimumVersion = 3.0.4;
			};
		};
		CB3BEFAD2C11A6DF002266CA /* XCRemoteSwiftPackageReference "push-notifications-swift" */ = {
			isa = XCRemoteSwiftPackageReference;
			repositoryURL = "https://github.com/pusher/push-notifications-swift";
			requirement = {
				kind = upToNextMajorVersion;
				minimumVersion = 4.0.0;
			};
		};
		CB5659392C21A7C1006DF848 /* XCRemoteSwiftPackageReference "CryptoSwift" */ = {
			isa = XCRemoteSwiftPackageReference;
			repositoryURL = "https://github.com/krzyzanowskim/CryptoSwift";
			requirement = {
				kind = upToNextMajorVersion;
				minimumVersion = 1.8.2;
			};
		};
		CB56593C2C21BD0E006DF848 /* XCRemoteSwiftPackageReference "pusher-http-swift" */ = {
			isa = XCRemoteSwiftPackageReference;
			repositoryURL = "https://github.com/pusher/pusher-http-swift.git";
			requirement = {
				kind = revision;
				revision = 1b2d6e9d41c92485e20bbbc8fabe108edd4cdaee;
			};
		};
		CB623AEA2C05209400AA3CA7 /* XCRemoteSwiftPackageReference "pusher-websocket-swift" */ = {
			isa = XCRemoteSwiftPackageReference;
			repositoryURL = "https://github.com/pusher/pusher-websocket-swift.git";
			requirement = {
				kind = upToNextMajorVersion;
				minimumVersion = 10.1.5;
			};
		};
/* End XCRemoteSwiftPackageReference section */

/* Begin XCSwiftPackageProductDependency section */
		CB1851EF2C02279B001C00E0 /* FirebaseAuth */ = {
			isa = XCSwiftPackageProductDependency;
			package = CB3141B72BFA7AA4006FAEB2 /* XCRemoteSwiftPackageReference "firebase-ios-sdk" */;
			productName = FirebaseAuth;
		};
		CB3141B82BFA7AA4006FAEB2 /* FirebaseDatabase */ = {
			isa = XCSwiftPackageProductDependency;
			package = CB3141B72BFA7AA4006FAEB2 /* XCRemoteSwiftPackageReference "firebase-ios-sdk" */;
			productName = FirebaseDatabase;
		};
		CB3141BA2BFA7AA4006FAEB2 /* FirebaseFirestore */ = {
			isa = XCSwiftPackageProductDependency;
			package = CB3141B72BFA7AA4006FAEB2 /* XCRemoteSwiftPackageReference "firebase-ios-sdk" */;
			productName = FirebaseFirestore;
		};
		CB3141BC2BFA7AA4006FAEB2 /* FirebaseFunctions */ = {
			isa = XCSwiftPackageProductDependency;
			package = CB3141B72BFA7AA4006FAEB2 /* XCRemoteSwiftPackageReference "firebase-ios-sdk" */;
			productName = FirebaseFunctions;
		};
		CB3141BE2BFA7AA4006FAEB2 /* FirebaseMessaging */ = {
			isa = XCSwiftPackageProductDependency;
			package = CB3141B72BFA7AA4006FAEB2 /* XCRemoteSwiftPackageReference "firebase-ios-sdk" */;
			productName = FirebaseMessaging;
		};
		CB3141C02BFA7AA4006FAEB2 /* FirebaseRemoteConfig */ = {
			isa = XCSwiftPackageProductDependency;
			package = CB3141B72BFA7AA4006FAEB2 /* XCRemoteSwiftPackageReference "firebase-ios-sdk" */;
			productName = FirebaseRemoteConfig;
		};
		CB3141C22BFA7AA4006FAEB2 /* FirebaseStorage */ = {
			isa = XCSwiftPackageProductDependency;
			package = CB3141B72BFA7AA4006FAEB2 /* XCRemoteSwiftPackageReference "firebase-ios-sdk" */;
			productName = FirebaseStorage;
		};
		CB3141C82BFA8B47006FAEB2 /* SDWebImageSwiftUI */ = {
			isa = XCSwiftPackageProductDependency;
			package = CB3141C72BFA8B47006FAEB2 /* XCRemoteSwiftPackageReference "SDWebImageSwiftUI" */;
			productName = SDWebImageSwiftUI;
		};
		CB3BEFAE2C11A6DF002266CA /* PushNotifications */ = {
			isa = XCSwiftPackageProductDependency;
			package = CB3BEFAD2C11A6DF002266CA /* XCRemoteSwiftPackageReference "push-notifications-swift" */;
			productName = PushNotifications;
		};
		CB56593A2C21A7C1006DF848 /* CryptoSwift */ = {
			isa = XCSwiftPackageProductDependency;
			package = CB5659392C21A7C1006DF848 /* XCRemoteSwiftPackageReference "CryptoSwift" */;
			productName = CryptoSwift;
		};
		CB56593D2C21BD0E006DF848 /* Pusher */ = {
			isa = XCSwiftPackageProductDependency;
			package = CB56593C2C21BD0E006DF848 /* XCRemoteSwiftPackageReference "pusher-http-swift" */;
			productName = Pusher;
		};
		CB623AEB2C05209400AA3CA7 /* PusherSwift */ = {
			isa = XCSwiftPackageProductDependency;
			package = CB623AEA2C05209400AA3CA7 /* XCRemoteSwiftPackageReference "pusher-websocket-swift" */;
			productName = PusherSwift;
		};
/* End XCSwiftPackageProductDependency section */
	};
	rootObject = CB71A2B32BD4507C008AD154 /* Project object */;
}
